PODS:
  - AFNetworking (2.5.4):
    - AFNetworking/NSURLConnection (= 2.5.4)
    - AFNetworking/NSURLSession (= 2.5.4)
    - AFNetworking/Reachability (= 2.5.4)
    - AFNetworking/Security (= 2.5.4)
    - AFNetworking/Serialization (= 2.5.4)
    - AFNetworking/UIKit (= 2.5.4)
  - AFNetworking/NSURLConnection (2.5.4):
    - AFNetworking/Reachability
    - AFNetworking/Security
    - AFNetworking/Serialization
  - AFNetworking/NSURLSession (2.5.4):
    - AFNetworking/Reachability
    - AFNetworking/Security
    - AFNetworking/Serialization
  - AFNetworking/Reachability (2.5.4)
  - AFNetworking/Security (2.5.4)
  - AFNetworking/Serialization (2.5.4)
  - AFNetworking/UIKit (2.5.4):
    - AFNetworking/NSURLConnection
    - AFNetworking/NSURLSession
  - BCGenieEffect (1.1)
  - CHTCollectionViewWaterfallLayout (0.9.1)
  - CocoaAsyncSocket (7.4.1)
  - NSObject-ObjectMap (2.3.1)
  - RNThemeManager (0.1.2)
  - SCRScrollMenuController (0.5)
  - SVProgressHUD (1.1.3)

DEPENDENCIES:
  - AFNetworking
  - BCGenieEffect
  - CHTCollectionViewWaterfallLayout
  - CocoaAsyncSocket
  - NSObject-ObjectMap
  - RNThemeManager (from `https://raw.githubusercontent.com/joeshang/RNThemeManager/master/RNThemeManager.podspec`)
  - SCRScrollMenuController (from `https://raw.githubusercontent.com/joeshang/SCRScrollMenuController/master/SCRScrollMenuController.podspec`)
  - SVProgressHUD

EXTERNAL SOURCES:
  RNThemeManager:
    :podspec: https://raw.githubusercontent.com/joeshang/RNThemeManager/master/RNThemeManager.podspec
  SCRScrollMenuController:
    :podspec: https://raw.githubusercontent.com/joeshang/SCRScrollMenuController/master/SCRScrollMenuController.podspec

SPEC CHECKSUMS:
  AFNetworking: 05edc0ac4c4c8cf57bcf4b84be5b0744b6d8e71e
  BCGenieEffect: 3efb235716f121caa6b26040bfd0ae11e1bae4b4
  CHTCollectionViewWaterfallLayout: 1a8da4fc662702cbddda8926ced266036a829f84
  CocoaAsyncSocket: 7cbf214b27f8e7f7574db6a3fd96352ffaed433d
  NSObject-ObjectMap: 3223c0c994a8e3de44ccb74ddf3e63c86821c015
  RNThemeManager: 073c43a3a2daf4278fc62b0b6370e88b65ccad2c
  SCRScrollMenuController: f0620d1540b709578c509e2ac889095164b40ef5
  SVProgressHUD: 748080e4f36e603f6c02aec292664239df5279c1

COCOAPODS: 0.37.1
