// !$*UTF8*$!
{
	archiveVersion = 1;
	classes = {
	};
	objectVersion = 46;
	objects = {

/* Begin PBXBuildFile section */
		731CAACE6DBB4861A8AEDEC7 /* libPods.a in Frameworks */ = {isa = PBXBuildFile; fileRef = 52A19EEB29E7462C89A58EDF /* libPods.a */; };
		D2049288198D4AA900D8187E /* DXEDishCollectionViewCell.m in Sources */ = {isa = PBXBuildFile; fileRef = D2049287198D4AA900D8187E /* DXEDishCollectionViewCell.m */; };
		D204928D198D4EAD00D8187E /* DXETipsColletionViewCell.m in Sources */ = {isa = PBXBuildFile; fileRef = D204928C198D4EAD00D8187E /* DXETipsColletionViewCell.m */; };
		D204928F198D4ED400D8187E /* DXETipsCollectionViewCell.xib in Resources */ = {isa = PBXBuildFile; fileRef = D204928E198D4ED400D8187E /* DXETipsCollectionViewCell.xib */; };
		D2049291198D4EEC00D8187E /* DXEDishCollectionViewCell.xib in Resources */ = {isa = PBXBuildFile; fileRef = D2049290198D4EEC00D8187E /* DXEDishCollectionViewCell.xib */; };
		D20712261974D7AC00E34770 /* DXEOriginViewController.xib in Resources */ = {isa = PBXBuildFile; fileRef = D20712241974D7AC00E34770 /* DXEOriginViewController.xib */; };
		D207122A1974D7BE00E34770 /* DXEQuestionnaireViewController.m in Sources */ = {isa = PBXBuildFile; fileRef = D20712281974D7BE00E34770 /* DXEQuestionnaireViewController.m */; };
		D207122B1974D7BE00E34770 /* DXEQuestionnaireViewController.xib in Resources */ = {isa = PBXBuildFile; fileRef = D20712291974D7BE00E34770 /* DXEQuestionnaireViewController.xib */; };
		D207122F1974D7D000E34770 /* DXEOrderViewController.m in Sources */ = {isa = PBXBuildFile; fileRef = D207122D1974D7D000E34770 /* DXEOrderViewController.m */; };
		D20712391974D7F500E34770 /* DXEMyselfViewController.m in Sources */ = {isa = PBXBuildFile; fileRef = D20712371974D7F500E34770 /* DXEMyselfViewController.m */; };
		D207123A1974D7F500E34770 /* DXEMyselfViewController.xib in Resources */ = {isa = PBXBuildFile; fileRef = D20712381974D7F500E34770 /* DXEMyselfViewController.xib */; };
		D22BE1941972747000A438D2 /* Foundation.framework in Frameworks */ = {isa = PBXBuildFile; fileRef = D22BE1931972747000A438D2 /* Foundation.framework */; };
		D22BE1961972747000A438D2 /* CoreGraphics.framework in Frameworks */ = {isa = PBXBuildFile; fileRef = D22BE1951972747000A438D2 /* CoreGraphics.framework */; };
		D22BE1981972747000A438D2 /* UIKit.framework in Frameworks */ = {isa = PBXBuildFile; fileRef = D22BE1971972747000A438D2 /* UIKit.framework */; };
		D22BE19E1972747000A438D2 /* InfoPlist.strings in Resources */ = {isa = PBXBuildFile; fileRef = D22BE19C1972747000A438D2 /* InfoPlist.strings */; };
		D22BE1A01972747000A438D2 /* main.m in Sources */ = {isa = PBXBuildFile; fileRef = D22BE19F1972747000A438D2 /* main.m */; };
		D22BE1A41972747000A438D2 /* DXEAppDelegate.m in Sources */ = {isa = PBXBuildFile; fileRef = D22BE1A31972747000A438D2 /* DXEAppDelegate.m */; };
		D22BE1A61972747000A438D2 /* Images.xcassets in Resources */ = {isa = PBXBuildFile; fileRef = D22BE1A51972747000A438D2 /* Images.xcassets */; };
		D22BE1AD1972747000A438D2 /* XCTest.framework in Frameworks */ = {isa = PBXBuildFile; fileRef = D22BE1AC1972747000A438D2 /* XCTest.framework */; };
		D22BE1AE1972747000A438D2 /* Foundation.framework in Frameworks */ = {isa = PBXBuildFile; fileRef = D22BE1931972747000A438D2 /* Foundation.framework */; };
		D22BE1AF1972747000A438D2 /* UIKit.framework in Frameworks */ = {isa = PBXBuildFile; fileRef = D22BE1971972747000A438D2 /* UIKit.framework */; };
		D22BE1B71972747000A438D2 /* InfoPlist.strings in Resources */ = {isa = PBXBuildFile; fileRef = D22BE1B51972747000A438D2 /* InfoPlist.strings */; };
		D22BE1B91972747000A438D2 /* DianXiaoEr_Menu_iOSTests.m in Sources */ = {isa = PBXBuildFile; fileRef = D22BE1B81972747000A438D2 /* DianXiaoEr_Menu_iOSTests.m */; };
		D246598C1973FAFA0010B1B6 /* DXEHomePageViewController.m in Sources */ = {isa = PBXBuildFile; fileRef = D246598A1973FAFA0010B1B6 /* DXEHomePageViewController.m */; };
		D24986CD19B70CB00029CC57 /* DXEImageManager.m in Sources */ = {isa = PBXBuildFile; fileRef = D24986CC19B70CB00029CC57 /* DXEImageManager.m */; };
		D26026F61999F2DF004D6579 /* DXEOpenViewController.m in Sources */ = {isa = PBXBuildFile; fileRef = D26026F41999F2DF004D6579 /* DXEOpenViewController.m */; };
		D26026F71999F2DF004D6579 /* DXEOpenViewController.xib in Resources */ = {isa = PBXBuildFile; fileRef = D26026F51999F2DF004D6579 /* DXEOpenViewController.xib */; };
		D273A3BD19C603180081BB37 /* CRModal.m in Sources */ = {isa = PBXBuildFile; fileRef = D273A3BA19C603180081BB37 /* CRModal.m */; };
		D273A3BE19C603180081BB37 /* UIImage+Blur.m in Sources */ = {isa = PBXBuildFile; fileRef = D273A3BC19C603180081BB37 /* UIImage+Blur.m */; };
		D273A3C819C60B7B0081BB37 /* CRScrollMenu.m in Sources */ = {isa = PBXBuildFile; fileRef = D273A3C119C60B7B0081BB37 /* CRScrollMenu.m */; };
		D273A3C919C60B7B0081BB37 /* CRScrollMenuButton.m in Sources */ = {isa = PBXBuildFile; fileRef = D273A3C319C60B7B0081BB37 /* CRScrollMenuButton.m */; };
		D273A3CA19C60B7B0081BB37 /* CRScrollMenuController.m in Sources */ = {isa = PBXBuildFile; fileRef = D273A3C519C60B7B0081BB37 /* CRScrollMenuController.m */; };
		D273A3CB19C60B7B0081BB37 /* CRScrollMenuItem.m in Sources */ = {isa = PBXBuildFile; fileRef = D273A3C719C60B7B0081BB37 /* CRScrollMenuItem.m */; };
		D273A3D619C616340081BB37 /* DXEDishesViewController.m in Sources */ = {isa = PBXBuildFile; fileRef = D273A3D519C616340081BB37 /* DXEDishesViewController.m */; };
		D273A3DD19C73CDE0081BB37 /* dish_cell_favor_hollow_icon@2x.png in Resources */ = {isa = PBXBuildFile; fileRef = D273A3D919C73CDE0081BB37 /* dish_cell_favor_hollow_icon@2x.png */; };
		D273A3DE19C73CDE0081BB37 /* dish_cell_favor_solid_icon@2x.png in Resources */ = {isa = PBXBuildFile; fileRef = D273A3DA19C73CDE0081BB37 /* dish_cell_favor_solid_icon@2x.png */; };
		D273A3DF19C73CDE0081BB37 /* dish_cell_price_icon@2x.png in Resources */ = {isa = PBXBuildFile; fileRef = D273A3DB19C73CDE0081BB37 /* dish_cell_price_icon@2x.png */; };
		D273A3E019C73CDE0081BB37 /* dish_cell_soldout_flag@2x.png in Resources */ = {isa = PBXBuildFile; fileRef = D273A3DC19C73CDE0081BB37 /* dish_cell_soldout_flag@2x.png */; };
		D273A3E219C73E030081BB37 /* qrcode_button@2x.png in Resources */ = {isa = PBXBuildFile; fileRef = D273A3E119C73E030081BB37 /* qrcode_button@2x.png */; };
		D273A43819C81FA00081BB37 /* DXEMainViewController.m in Sources */ = {isa = PBXBuildFile; fileRef = D273A43719C81FA00081BB37 /* DXEMainViewController.m */; };
		D273A43E19C884F80081BB37 /* dish_cell_incart_flag@2x.png in Resources */ = {isa = PBXBuildFile; fileRef = D273A43D19C884F80081BB37 /* dish_cell_incart_flag@2x.png */; };
		D273A44219C885A10081BB37 /* dish_cell_add2cart_button.png in Resources */ = {isa = PBXBuildFile; fileRef = D273A43F19C885A10081BB37 /* dish_cell_add2cart_button.png */; };
		D273A44319C885A10081BB37 /* dish_cell_add2cart_pressed_button.png in Resources */ = {isa = PBXBuildFile; fileRef = D273A44019C885A10081BB37 /* dish_cell_add2cart_pressed_button.png */; };
		D273A44419C885A10081BB37 /* dish_cell_soldout_button@2x.png in Resources */ = {isa = PBXBuildFile; fileRef = D273A44119C885A10081BB37 /* dish_cell_soldout_button@2x.png */; };
		D273A44719C8A2750081BB37 /* DXEOrderManager.m in Sources */ = {isa = PBXBuildFile; fileRef = D273A44619C8A2750081BB37 /* DXEOrderManager.m */; };
		D273A45019C983970081BB37 /* DXEOrderCartViewController.m in Sources */ = {isa = PBXBuildFile; fileRef = D273A44E19C983970081BB37 /* DXEOrderCartViewController.m */; };
		D273A45119C983970081BB37 /* DXEOrderCartViewController.xib in Resources */ = {isa = PBXBuildFile; fileRef = D273A44F19C983970081BB37 /* DXEOrderCartViewController.xib */; };
		D273A45E19C98D0E0081BB37 /* DXEOrderCartTableViewCell.m in Sources */ = {isa = PBXBuildFile; fileRef = D273A45C19C98D0E0081BB37 /* DXEOrderCartTableViewCell.m */; };
		D273A45F19C98D0E0081BB37 /* DXEOrderCartTableViewCell.xib in Resources */ = {isa = PBXBuildFile; fileRef = D273A45D19C98D0E0081BB37 /* DXEOrderCartTableViewCell.xib */; };
		D273A46419C9D48C0081BB37 /* DXEEnsureOrderingView.m in Sources */ = {isa = PBXBuildFile; fileRef = D273A46319C9D48C0081BB37 /* DXEEnsureOrderingView.m */; };
		D273A46619C9D4DF0081BB37 /* DXEEnsureOrderingView.xib in Resources */ = {isa = PBXBuildFile; fileRef = D273A46519C9D4DF0081BB37 /* DXEEnsureOrderingView.xib */; };
		D273A46919CA96EA0081BB37 /* DXEOrderCartTitleView.m in Sources */ = {isa = PBXBuildFile; fileRef = D273A46819CA96EA0081BB37 /* DXEOrderCartTitleView.m */; };
		D273A46B19CA97FB0081BB37 /* DXEOrderCartTitleView.xib in Resources */ = {isa = PBXBuildFile; fileRef = D273A46A19CA97FB0081BB37 /* DXEOrderCartTitleView.xib */; };
		D273A47219CAC6160081BB37 /* order_cell_count_underline@2x.png in Resources */ = {isa = PBXBuildFile; fileRef = D273A46C19CAC6160081BB37 /* order_cell_count_underline@2x.png */; };
		D273A47319CAC6160081BB37 /* order_cell_decrease_disable_button@2x.png in Resources */ = {isa = PBXBuildFile; fileRef = D273A46D19CAC6160081BB37 /* order_cell_decrease_disable_button@2x.png */; };
		D273A47419CAC6160081BB37 /* order_cell_decrease_normal_button@2x.png in Resources */ = {isa = PBXBuildFile; fileRef = D273A46E19CAC6160081BB37 /* order_cell_decrease_normal_button@2x.png */; };
		D273A47519CAC6160081BB37 /* order_cell_increase_disable_button@2x.png in Resources */ = {isa = PBXBuildFile; fileRef = D273A46F19CAC6160081BB37 /* order_cell_increase_disable_button@2x.png */; };
		D273A47619CAC6160081BB37 /* order_cell_increase_normal_button@2x.png in Resources */ = {isa = PBXBuildFile; fileRef = D273A47019CAC6160081BB37 /* order_cell_increase_normal_button@2x.png */; };
		D273A47719CAC6160081BB37 /* order_ensure_ordering_button@2x.png in Resources */ = {isa = PBXBuildFile; fileRef = D273A47119CAC6160081BB37 /* order_ensure_ordering_button@2x.png */; };
		D290281E19CF1F650093AF33 /* CRTabBar.m in Sources */ = {isa = PBXBuildFile; fileRef = D290281B19CF1F650093AF33 /* CRTabBar.m */; };
		D290281F19CF1F650093AF33 /* CRTabBarItem.m in Sources */ = {isa = PBXBuildFile; fileRef = D290281D19CF1F650093AF33 /* CRTabBarItem.m */; };
		D290282219D06B390093AF33 /* DXEMember.m in Sources */ = {isa = PBXBuildFile; fileRef = D290282119D06B390093AF33 /* DXEMember.m */; };
		D290282619D0784D0093AF33 /* DXERecordTableViewCell.m in Sources */ = {isa = PBXBuildFile; fileRef = D290282419D0784D0093AF33 /* DXERecordTableViewCell.m */; };
		D290282719D0784D0093AF33 /* DXERecordTableViewCell.xib in Resources */ = {isa = PBXBuildFile; fileRef = D290282519D0784D0093AF33 /* DXERecordTableViewCell.xib */; };
		D290282B19D088740093AF33 /* DXEDiningRecord.m in Sources */ = {isa = PBXBuildFile; fileRef = D290282A19D088740093AF33 /* DXEDiningRecord.m */; };
		D290282E19D089ED0093AF33 /* DXERecordDishItem.m in Sources */ = {isa = PBXBuildFile; fileRef = D290282D19D089ED0093AF33 /* DXERecordDishItem.m */; };
		D290283119D124750093AF33 /* DXERecordTitleView.m in Sources */ = {isa = PBXBuildFile; fileRef = D290283019D124750093AF33 /* DXERecordTitleView.m */; };
		D290283319D124A40093AF33 /* DXERecordTitleView.xib in Resources */ = {isa = PBXBuildFile; fileRef = D290283219D124A40093AF33 /* DXERecordTitleView.xib */; };
		D290283519D169810093AF33 /* myself_avatar_background@2x.png in Resources */ = {isa = PBXBuildFile; fileRef = D290283419D169810093AF33 /* myself_avatar_background@2x.png */; };
		D290283919D1728A0093AF33 /* myself_record_detail_button@2x.png in Resources */ = {isa = PBXBuildFile; fileRef = D290283819D1728A0093AF33 /* myself_record_detail_button@2x.png */; };
		D290284019D1A0190093AF33 /* DXEOrderEmptyViewController.m in Sources */ = {isa = PBXBuildFile; fileRef = D290283E19D1A0190093AF33 /* DXEOrderEmptyViewController.m */; };
		D290284119D1A0190093AF33 /* DXEOrderEmptyViewController.xib in Resources */ = {isa = PBXBuildFile; fileRef = D290283F19D1A0190093AF33 /* DXEOrderEmptyViewController.xib */; };
		D290285119D1D7EE0093AF33 /* DXEOrderProgressViewController.m in Sources */ = {isa = PBXBuildFile; fileRef = D290284F19D1D7EE0093AF33 /* DXEOrderProgressViewController.m */; };
		D290285219D1D7EE0093AF33 /* DXEOrderProgressViewController.xib in Resources */ = {isa = PBXBuildFile; fileRef = D290285019D1D7EE0093AF33 /* DXEOrderProgressViewController.xib */; };
		D290285B19D2C97C0093AF33 /* order_empty_cart_not_ordered@2x.png in Resources */ = {isa = PBXBuildFile; fileRef = D290285819D2C97C0093AF33 /* order_empty_cart_not_ordered@2x.png */; };
		D290285D19D2C97C0093AF33 /* order_empty_gotohomepage_button@2x.png in Resources */ = {isa = PBXBuildFile; fileRef = D290285A19D2C97C0093AF33 /* order_empty_gotohomepage_button@2x.png */; };
		D290285F19D2CD000093AF33 /* order_empty_cart_ordered@2x.png in Resources */ = {isa = PBXBuildFile; fileRef = D290285E19D2CD000093AF33 /* order_empty_cart_ordered@2x.png */; };
		D290286319D2D42A0093AF33 /* DXEOrderProgressTableViewCell.m in Sources */ = {isa = PBXBuildFile; fileRef = D290286119D2D42A0093AF33 /* DXEOrderProgressTableViewCell.m */; };
		D290286419D2D42A0093AF33 /* DXEOrderProgressTableViewCell.xib in Resources */ = {isa = PBXBuildFile; fileRef = D290286219D2D42A0093AF33 /* DXEOrderProgressTableViewCell.xib */; };
		D290286719D33B460093AF33 /* DXEOrderProgressTitleView.m in Sources */ = {isa = PBXBuildFile; fileRef = D290286619D33B460093AF33 /* DXEOrderProgressTitleView.m */; };
		D290286919D33BA60093AF33 /* DXEOrderProgressTitleView.xib in Resources */ = {isa = PBXBuildFile; fileRef = D290286819D33BA60093AF33 /* DXEOrderProgressTitleView.xib */; };
		D290286B19D351C70093AF33 /* DXEOriginViewController.m in Sources */ = {isa = PBXBuildFile; fileRef = D290286A19D351C70093AF33 /* DXEOriginViewController.m */; };
		D290286F19D3539B0093AF33 /* origin_content@2x.png in Resources */ = {isa = PBXBuildFile; fileRef = D290286E19D3539B0093AF33 /* origin_content@2x.png */; };
		D290287219D35A860093AF33 /* DXEMemberLoginView.m in Sources */ = {isa = PBXBuildFile; fileRef = D290287119D35A860093AF33 /* DXEMemberLoginView.m */; };
		D290287419D35A9D0093AF33 /* DXEMemberLoginView.xib in Resources */ = {isa = PBXBuildFile; fileRef = D290287319D35A9D0093AF33 /* DXEMemberLoginView.xib */; };
		D290287919D35B700093AF33 /* member_login_brand@2x.png in Resources */ = {isa = PBXBuildFile; fileRef = D290287519D35B700093AF33 /* member_login_brand@2x.png */; };
		D290287A19D35B700093AF33 /* member_login_close_button@2x.png in Resources */ = {isa = PBXBuildFile; fileRef = D290287619D35B700093AF33 /* member_login_close_button@2x.png */; };
		D290287B19D35B700093AF33 /* member_login_password_icon@2x.png.png in Resources */ = {isa = PBXBuildFile; fileRef = D290287719D35B700093AF33 /* member_login_password_icon@2x.png.png */; };
		D290287C19D35B700093AF33 /* member_login_user_icon@2x.png in Resources */ = {isa = PBXBuildFile; fileRef = D290287819D35B700093AF33 /* member_login_user_icon@2x.png */; };
		D2981E2219B85AA900DD22E2 /* test_dish_class@2x.png in Resources */ = {isa = PBXBuildFile; fileRef = D2981E2019B85AA900DD22E2 /* test_dish_class@2x.png */; };
		D2981E2E19B8A93E00DD22E2 /* DXEDishDetailView.m in Sources */ = {isa = PBXBuildFile; fileRef = D2981E2D19B8A93E00DD22E2 /* DXEDishDetailView.m */; };
		D2981E3019B8A96400DD22E2 /* DXEDishDetailView.xib in Resources */ = {isa = PBXBuildFile; fileRef = D2981E2F19B8A96400DD22E2 /* DXEDishDetailView.xib */; };
		D2981E3C19BF08A000DD22E2 /* test_dish_item@2x.png in Resources */ = {isa = PBXBuildFile; fileRef = D2981E3B19BF08A000DD22E2 /* test_dish_item@2x.png */; };
		D2981F0E19C03FAD00DD22E2 /* Theme in Resources */ = {isa = PBXBuildFile; fileRef = D2981F0D19C03FAD00DD22E2 /* Theme */; };
		D29FAB5619B5C1E000E667D4 /* DXEDishClass.m in Sources */ = {isa = PBXBuildFile; fileRef = D29FAB5319B5C1E000E667D4 /* DXEDishClass.m */; };
		D29FAB5719B5C1E000E667D4 /* DXEDishItem.m in Sources */ = {isa = PBXBuildFile; fileRef = D29FAB5519B5C1E000E667D4 /* DXEDishItem.m */; };
		D29FAB5D19B603A000E667D4 /* DXEDishDataManager.m in Sources */ = {isa = PBXBuildFile; fileRef = D29FAB5C19B603A000E667D4 /* DXEDishDataManager.m */; };
/* End PBXBuildFile section */

/* Begin PBXContainerItemProxy section */
		D22BE1B01972747000A438D2 /* PBXContainerItemProxy */ = {
			isa = PBXContainerItemProxy;
			containerPortal = D22BE1881972747000A438D2 /* Project object */;
			proxyType = 1;
			remoteGlobalIDString = D22BE18F1972747000A438D2;
			remoteInfo = "DianXiaoEr-Menu-iOS";
		};
/* End PBXContainerItemProxy section */

/* Begin PBXFileReference section */
		07430FF3329A4EBFB4AB3C68 /* Pods.xcconfig */ = {isa = PBXFileReference; includeInIndex = 1; lastKnownFileType = text.xcconfig; name = Pods.xcconfig; path = Pods/Pods.xcconfig; sourceTree = "<group>"; };
		52A19EEB29E7462C89A58EDF /* libPods.a */ = {isa = PBXFileReference; explicitFileType = archive.ar; includeInIndex = 0; path = libPods.a; sourceTree = BUILT_PRODUCTS_DIR; };
		D2049286198D4AA900D8187E /* DXEDishCollectionViewCell.h */ = {isa = PBXFileReference; fileEncoding = 4; lastKnownFileType = sourcecode.c.h; name = DXEDishCollectionViewCell.h; path = Views/DXEDishCollectionViewCell.h; sourceTree = "<group>"; };
		D2049287198D4AA900D8187E /* DXEDishCollectionViewCell.m */ = {isa = PBXFileReference; fileEncoding = 4; lastKnownFileType = sourcecode.c.objc; name = DXEDishCollectionViewCell.m; path = Views/DXEDishCollectionViewCell.m; sourceTree = "<group>"; };
		D204928B198D4EAD00D8187E /* DXETipsColletionViewCell.h */ = {isa = PBXFileReference; fileEncoding = 4; lastKnownFileType = sourcecode.c.h; name = DXETipsColletionViewCell.h; path = Views/DXETipsColletionViewCell.h; sourceTree = "<group>"; };
		D204928C198D4EAD00D8187E /* DXETipsColletionViewCell.m */ = {isa = PBXFileReference; fileEncoding = 4; lastKnownFileType = sourcecode.c.objc; name = DXETipsColletionViewCell.m; path = Views/DXETipsColletionViewCell.m; sourceTree = "<group>"; };
		D204928E198D4ED400D8187E /* DXETipsCollectionViewCell.xib */ = {isa = PBXFileReference; fileEncoding = 4; lastKnownFileType = file.xib; name = DXETipsCollectionViewCell.xib; path = Views/DXETipsCollectionViewCell.xib; sourceTree = "<group>"; };
		D2049290198D4EEC00D8187E /* DXEDishCollectionViewCell.xib */ = {isa = PBXFileReference; fileEncoding = 4; lastKnownFileType = file.xib; name = DXEDishCollectionViewCell.xib; path = Views/DXEDishCollectionViewCell.xib; sourceTree = "<group>"; };
		D2049293198D865600D8187E /* DXECommonHeader.h */ = {isa = PBXFileReference; fileEncoding = 4; lastKnownFileType = sourcecode.c.h; path = DXECommonHeader.h; sourceTree = "<group>"; };
		D20712221974D7AC00E34770 /* DXEOriginViewController.h */ = {isa = PBXFileReference; fileEncoding = 4; lastKnownFileType = sourcecode.c.h; name = DXEOriginViewController.h; path = ViewControllers/DXEOriginViewController.h; sourceTree = "<group>"; };
		D20712241974D7AC00E34770 /* DXEOriginViewController.xib */ = {isa = PBXFileReference; fileEncoding = 4; lastKnownFileType = file.xib; name = DXEOriginViewController.xib; path = ViewControllers/DXEOriginViewController.xib; sourceTree = "<group>"; };
		D20712271974D7BE00E34770 /* DXEQuestionnaireViewController.h */ = {isa = PBXFileReference; fileEncoding = 4; lastKnownFileType = sourcecode.c.h; name = DXEQuestionnaireViewController.h; path = ViewControllers/DXEQuestionnaireViewController.h; sourceTree = "<group>"; };
		D20712281974D7BE00E34770 /* DXEQuestionnaireViewController.m */ = {isa = PBXFileReference; fileEncoding = 4; lastKnownFileType = sourcecode.c.objc; name = DXEQuestionnaireViewController.m; path = ViewControllers/DXEQuestionnaireViewController.m; sourceTree = "<group>"; };
		D20712291974D7BE00E34770 /* DXEQuestionnaireViewController.xib */ = {isa = PBXFileReference; fileEncoding = 4; lastKnownFileType = file.xib; name = DXEQuestionnaireViewController.xib; path = ViewControllers/DXEQuestionnaireViewController.xib; sourceTree = "<group>"; };
		D207122C1974D7D000E34770 /* DXEOrderViewController.h */ = {isa = PBXFileReference; fileEncoding = 4; lastKnownFileType = sourcecode.c.h; name = DXEOrderViewController.h; path = ViewControllers/DXEOrderViewController.h; sourceTree = "<group>"; };
		D207122D1974D7D000E34770 /* DXEOrderViewController.m */ = {isa = PBXFileReference; fileEncoding = 4; lastKnownFileType = sourcecode.c.objc; name = DXEOrderViewController.m; path = ViewControllers/DXEOrderViewController.m; sourceTree = "<group>"; };
		D20712361974D7F500E34770 /* DXEMyselfViewController.h */ = {isa = PBXFileReference; fileEncoding = 4; lastKnownFileType = sourcecode.c.h; name = DXEMyselfViewController.h; path = ViewControllers/DXEMyselfViewController.h; sourceTree = "<group>"; };
		D20712371974D7F500E34770 /* DXEMyselfViewController.m */ = {isa = PBXFileReference; fileEncoding = 4; lastKnownFileType = sourcecode.c.objc; name = DXEMyselfViewController.m; path = ViewControllers/DXEMyselfViewController.m; sourceTree = "<group>"; };
		D20712381974D7F500E34770 /* DXEMyselfViewController.xib */ = {isa = PBXFileReference; fileEncoding = 4; lastKnownFileType = file.xib; name = DXEMyselfViewController.xib; path = ViewControllers/DXEMyselfViewController.xib; sourceTree = "<group>"; };
		D22BE1901972747000A438D2 /* DianXiaoEr-Menu-iOS.app */ = {isa = PBXFileReference; explicitFileType = wrapper.application; includeInIndex = 0; path = "DianXiaoEr-Menu-iOS.app"; sourceTree = BUILT_PRODUCTS_DIR; };
		D22BE1931972747000A438D2 /* Foundation.framework */ = {isa = PBXFileReference; lastKnownFileType = wrapper.framework; name = Foundation.framework; path = System/Library/Frameworks/Foundation.framework; sourceTree = SDKROOT; };
		D22BE1951972747000A438D2 /* CoreGraphics.framework */ = {isa = PBXFileReference; lastKnownFileType = wrapper.framework; name = CoreGraphics.framework; path = System/Library/Frameworks/CoreGraphics.framework; sourceTree = SDKROOT; };
		D22BE1971972747000A438D2 /* UIKit.framework */ = {isa = PBXFileReference; lastKnownFileType = wrapper.framework; name = UIKit.framework; path = System/Library/Frameworks/UIKit.framework; sourceTree = SDKROOT; };
		D22BE19B1972747000A438D2 /* DianXiaoEr-Menu-iOS-Info.plist */ = {isa = PBXFileReference; lastKnownFileType = text.plist.xml; path = "DianXiaoEr-Menu-iOS-Info.plist"; sourceTree = "<group>"; };
		D22BE19D1972747000A438D2 /* en */ = {isa = PBXFileReference; lastKnownFileType = text.plist.strings; name = en; path = en.lproj/InfoPlist.strings; sourceTree = "<group>"; };
		D22BE19F1972747000A438D2 /* main.m */ = {isa = PBXFileReference; lastKnownFileType = sourcecode.c.objc; path = main.m; sourceTree = "<group>"; };
		D22BE1A11972747000A438D2 /* DianXiaoEr-Menu-iOS-Prefix.pch */ = {isa = PBXFileReference; lastKnownFileType = sourcecode.c.h; path = "DianXiaoEr-Menu-iOS-Prefix.pch"; sourceTree = "<group>"; };
		D22BE1A21972747000A438D2 /* DXEAppDelegate.h */ = {isa = PBXFileReference; lastKnownFileType = sourcecode.c.h; path = DXEAppDelegate.h; sourceTree = "<group>"; };
		D22BE1A31972747000A438D2 /* DXEAppDelegate.m */ = {isa = PBXFileReference; lastKnownFileType = sourcecode.c.objc; path = DXEAppDelegate.m; sourceTree = "<group>"; };
		D22BE1A51972747000A438D2 /* Images.xcassets */ = {isa = PBXFileReference; lastKnownFileType = folder.assetcatalog; path = Images.xcassets; sourceTree = "<group>"; };
		D22BE1AB1972747000A438D2 /* DianXiaoEr-Menu-iOSTests.xctest */ = {isa = PBXFileReference; explicitFileType = wrapper.cfbundle; includeInIndex = 0; path = "DianXiaoEr-Menu-iOSTests.xctest"; sourceTree = BUILT_PRODUCTS_DIR; };
		D22BE1AC1972747000A438D2 /* XCTest.framework */ = {isa = PBXFileReference; lastKnownFileType = wrapper.framework; name = XCTest.framework; path = Library/Frameworks/XCTest.framework; sourceTree = DEVELOPER_DIR; };
		D22BE1B41972747000A438D2 /* DianXiaoEr-Menu-iOSTests-Info.plist */ = {isa = PBXFileReference; lastKnownFileType = text.plist.xml; path = "DianXiaoEr-Menu-iOSTests-Info.plist"; sourceTree = "<group>"; };
		D22BE1B61972747000A438D2 /* en */ = {isa = PBXFileReference; lastKnownFileType = text.plist.strings; name = en; path = en.lproj/InfoPlist.strings; sourceTree = "<group>"; };
		D22BE1B81972747000A438D2 /* DianXiaoEr_Menu_iOSTests.m */ = {isa = PBXFileReference; lastKnownFileType = sourcecode.c.objc; path = DianXiaoEr_Menu_iOSTests.m; sourceTree = "<group>"; };
		D24659891973FAFA0010B1B6 /* DXEHomePageViewController.h */ = {isa = PBXFileReference; fileEncoding = 4; lastKnownFileType = sourcecode.c.h; name = DXEHomePageViewController.h; path = ViewControllers/DXEHomePageViewController.h; sourceTree = "<group>"; };
		D246598A1973FAFA0010B1B6 /* DXEHomePageViewController.m */ = {isa = PBXFileReference; fileEncoding = 4; lastKnownFileType = sourcecode.c.objc; name = DXEHomePageViewController.m; path = ViewControllers/DXEHomePageViewController.m; sourceTree = "<group>"; };
		D24986CB19B70CB00029CC57 /* DXEImageManager.h */ = {isa = PBXFileReference; fileEncoding = 4; lastKnownFileType = sourcecode.c.h; name = DXEImageManager.h; path = Model/DXEImageManager.h; sourceTree = "<group>"; };
		D24986CC19B70CB00029CC57 /* DXEImageManager.m */ = {isa = PBXFileReference; fileEncoding = 4; lastKnownFileType = sourcecode.c.objc; name = DXEImageManager.m; path = Model/DXEImageManager.m; sourceTree = "<group>"; };
		D26026F31999F2DF004D6579 /* DXEOpenViewController.h */ = {isa = PBXFileReference; fileEncoding = 4; lastKnownFileType = sourcecode.c.h; name = DXEOpenViewController.h; path = ViewControllers/DXEOpenViewController.h; sourceTree = "<group>"; };
		D26026F41999F2DF004D6579 /* DXEOpenViewController.m */ = {isa = PBXFileReference; fileEncoding = 4; lastKnownFileType = sourcecode.c.objc; name = DXEOpenViewController.m; path = ViewControllers/DXEOpenViewController.m; sourceTree = "<group>"; };
		D26026F51999F2DF004D6579 /* DXEOpenViewController.xib */ = {isa = PBXFileReference; fileEncoding = 4; lastKnownFileType = file.xib; name = DXEOpenViewController.xib; path = ViewControllers/DXEOpenViewController.xib; sourceTree = "<group>"; };
		D273A3B919C603180081BB37 /* CRModal.h */ = {isa = PBXFileReference; fileEncoding = 4; lastKnownFileType = sourcecode.c.h; path = CRModal.h; sourceTree = "<group>"; };
		D273A3BA19C603180081BB37 /* CRModal.m */ = {isa = PBXFileReference; fileEncoding = 4; lastKnownFileType = sourcecode.c.objc; path = CRModal.m; sourceTree = "<group>"; };
		D273A3BB19C603180081BB37 /* UIImage+Blur.h */ = {isa = PBXFileReference; fileEncoding = 4; lastKnownFileType = sourcecode.c.h; path = "UIImage+Blur.h"; sourceTree = "<group>"; };
		D273A3BC19C603180081BB37 /* UIImage+Blur.m */ = {isa = PBXFileReference; fileEncoding = 4; lastKnownFileType = sourcecode.c.objc; path = "UIImage+Blur.m"; sourceTree = "<group>"; };
		D273A3C019C60B7B0081BB37 /* CRScrollMenu.h */ = {isa = PBXFileReference; fileEncoding = 4; lastKnownFileType = sourcecode.c.h; path = CRScrollMenu.h; sourceTree = "<group>"; };
		D273A3C119C60B7B0081BB37 /* CRScrollMenu.m */ = {isa = PBXFileReference; fileEncoding = 4; lastKnownFileType = sourcecode.c.objc; path = CRScrollMenu.m; sourceTree = "<group>"; };
		D273A3C219C60B7B0081BB37 /* CRScrollMenuButton.h */ = {isa = PBXFileReference; fileEncoding = 4; lastKnownFileType = sourcecode.c.h; path = CRScrollMenuButton.h; sourceTree = "<group>"; };
		D273A3C319C60B7B0081BB37 /* CRScrollMenuButton.m */ = {isa = PBXFileReference; fileEncoding = 4; lastKnownFileType = sourcecode.c.objc; path = CRScrollMenuButton.m; sourceTree = "<group>"; };
		D273A3C419C60B7B0081BB37 /* CRScrollMenuController.h */ = {isa = PBXFileReference; fileEncoding = 4; lastKnownFileType = sourcecode.c.h; path = CRScrollMenuController.h; sourceTree = "<group>"; };
		D273A3C519C60B7B0081BB37 /* CRScrollMenuController.m */ = {isa = PBXFileReference; fileEncoding = 4; lastKnownFileType = sourcecode.c.objc; path = CRScrollMenuController.m; sourceTree = "<group>"; };
		D273A3C619C60B7B0081BB37 /* CRScrollMenuItem.h */ = {isa = PBXFileReference; fileEncoding = 4; lastKnownFileType = sourcecode.c.h; path = CRScrollMenuItem.h; sourceTree = "<group>"; };
		D273A3C719C60B7B0081BB37 /* CRScrollMenuItem.m */ = {isa = PBXFileReference; fileEncoding = 4; lastKnownFileType = sourcecode.c.objc; path = CRScrollMenuItem.m; sourceTree = "<group>"; };
		D273A3D419C616340081BB37 /* DXEDishesViewController.h */ = {isa = PBXFileReference; fileEncoding = 4; lastKnownFileType = sourcecode.c.h; name = DXEDishesViewController.h; path = ViewControllers/DXEDishesViewController.h; sourceTree = "<group>"; };
		D273A3D519C616340081BB37 /* DXEDishesViewController.m */ = {isa = PBXFileReference; fileEncoding = 4; lastKnownFileType = sourcecode.c.objc; name = DXEDishesViewController.m; path = ViewControllers/DXEDishesViewController.m; sourceTree = "<group>"; };
		D273A3D919C73CDE0081BB37 /* dish_cell_favor_hollow_icon@2x.png */ = {isa = PBXFileReference; lastKnownFileType = image.png; path = "dish_cell_favor_hollow_icon@2x.png"; sourceTree = "<group>"; };
		D273A3DA19C73CDE0081BB37 /* dish_cell_favor_solid_icon@2x.png */ = {isa = PBXFileReference; lastKnownFileType = image.png; path = "dish_cell_favor_solid_icon@2x.png"; sourceTree = "<group>"; };
		D273A3DB19C73CDE0081BB37 /* dish_cell_price_icon@2x.png */ = {isa = PBXFileReference; lastKnownFileType = image.png; path = "dish_cell_price_icon@2x.png"; sourceTree = "<group>"; };
		D273A3DC19C73CDE0081BB37 /* dish_cell_soldout_flag@2x.png */ = {isa = PBXFileReference; lastKnownFileType = image.png; path = "dish_cell_soldout_flag@2x.png"; sourceTree = "<group>"; };
		D273A3E119C73E030081BB37 /* qrcode_button@2x.png */ = {isa = PBXFileReference; lastKnownFileType = image.png; path = "qrcode_button@2x.png"; sourceTree = "<group>"; };
		D273A43619C81FA00081BB37 /* DXEMainViewController.h */ = {isa = PBXFileReference; fileEncoding = 4; lastKnownFileType = sourcecode.c.h; name = DXEMainViewController.h; path = ViewControllers/DXEMainViewController.h; sourceTree = "<group>"; };
		D273A43719C81FA00081BB37 /* DXEMainViewController.m */ = {isa = PBXFileReference; fileEncoding = 4; lastKnownFileType = sourcecode.c.objc; name = DXEMainViewController.m; path = ViewControllers/DXEMainViewController.m; sourceTree = "<group>"; };
		D273A43D19C884F80081BB37 /* dish_cell_incart_flag@2x.png */ = {isa = PBXFileReference; lastKnownFileType = image.png; path = "dish_cell_incart_flag@2x.png"; sourceTree = "<group>"; };
		D273A43F19C885A10081BB37 /* dish_cell_add2cart_button.png */ = {isa = PBXFileReference; lastKnownFileType = image.png; path = dish_cell_add2cart_button.png; sourceTree = "<group>"; };
		D273A44019C885A10081BB37 /* dish_cell_add2cart_pressed_button.png */ = {isa = PBXFileReference; lastKnownFileType = image.png; path = dish_cell_add2cart_pressed_button.png; sourceTree = "<group>"; };
		D273A44119C885A10081BB37 /* dish_cell_soldout_button@2x.png */ = {isa = PBXFileReference; lastKnownFileType = image.png; path = "dish_cell_soldout_button@2x.png"; sourceTree = "<group>"; };
		D273A44519C8A2750081BB37 /* DXEOrderManager.h */ = {isa = PBXFileReference; fileEncoding = 4; lastKnownFileType = sourcecode.c.h; name = DXEOrderManager.h; path = Model/DXEOrderManager.h; sourceTree = "<group>"; };
		D273A44619C8A2750081BB37 /* DXEOrderManager.m */ = {isa = PBXFileReference; fileEncoding = 4; lastKnownFileType = sourcecode.c.objc; name = DXEOrderManager.m; path = Model/DXEOrderManager.m; sourceTree = "<group>"; };
		D273A44D19C983970081BB37 /* DXEOrderCartViewController.h */ = {isa = PBXFileReference; fileEncoding = 4; lastKnownFileType = sourcecode.c.h; name = DXEOrderCartViewController.h; path = ViewControllers/DXEOrderCartViewController.h; sourceTree = "<group>"; };
		D273A44E19C983970081BB37 /* DXEOrderCartViewController.m */ = {isa = PBXFileReference; fileEncoding = 4; lastKnownFileType = sourcecode.c.objc; name = DXEOrderCartViewController.m; path = ViewControllers/DXEOrderCartViewController.m; sourceTree = "<group>"; };
		D273A44F19C983970081BB37 /* DXEOrderCartViewController.xib */ = {isa = PBXFileReference; fileEncoding = 4; lastKnownFileType = file.xib; name = DXEOrderCartViewController.xib; path = ViewControllers/DXEOrderCartViewController.xib; sourceTree = "<group>"; };
		D273A45B19C98D0E0081BB37 /* DXEOrderCartTableViewCell.h */ = {isa = PBXFileReference; fileEncoding = 4; lastKnownFileType = sourcecode.c.h; name = DXEOrderCartTableViewCell.h; path = Views/DXEOrderCartTableViewCell.h; sourceTree = "<group>"; };
		D273A45C19C98D0E0081BB37 /* DXEOrderCartTableViewCell.m */ = {isa = PBXFileReference; fileEncoding = 4; lastKnownFileType = sourcecode.c.objc; name = DXEOrderCartTableViewCell.m; path = Views/DXEOrderCartTableViewCell.m; sourceTree = "<group>"; };
		D273A45D19C98D0E0081BB37 /* DXEOrderCartTableViewCell.xib */ = {isa = PBXFileReference; fileEncoding = 4; lastKnownFileType = file.xib; name = DXEOrderCartTableViewCell.xib; path = Views/DXEOrderCartTableViewCell.xib; sourceTree = "<group>"; };
		D273A46219C9D48C0081BB37 /* DXEEnsureOrderingView.h */ = {isa = PBXFileReference; fileEncoding = 4; lastKnownFileType = sourcecode.c.h; name = DXEEnsureOrderingView.h; path = Views/DXEEnsureOrderingView.h; sourceTree = "<group>"; };
		D273A46319C9D48C0081BB37 /* DXEEnsureOrderingView.m */ = {isa = PBXFileReference; fileEncoding = 4; lastKnownFileType = sourcecode.c.objc; name = DXEEnsureOrderingView.m; path = Views/DXEEnsureOrderingView.m; sourceTree = "<group>"; };
		D273A46519C9D4DF0081BB37 /* DXEEnsureOrderingView.xib */ = {isa = PBXFileReference; fileEncoding = 4; lastKnownFileType = file.xib; name = DXEEnsureOrderingView.xib; path = Views/DXEEnsureOrderingView.xib; sourceTree = "<group>"; };
		D273A46719CA96EA0081BB37 /* DXEOrderCartTitleView.h */ = {isa = PBXFileReference; fileEncoding = 4; lastKnownFileType = sourcecode.c.h; name = DXEOrderCartTitleView.h; path = Views/DXEOrderCartTitleView.h; sourceTree = "<group>"; };
		D273A46819CA96EA0081BB37 /* DXEOrderCartTitleView.m */ = {isa = PBXFileReference; fileEncoding = 4; lastKnownFileType = sourcecode.c.objc; name = DXEOrderCartTitleView.m; path = Views/DXEOrderCartTitleView.m; sourceTree = "<group>"; };
		D273A46A19CA97FB0081BB37 /* DXEOrderCartTitleView.xib */ = {isa = PBXFileReference; fileEncoding = 4; lastKnownFileType = file.xib; name = DXEOrderCartTitleView.xib; path = Views/DXEOrderCartTitleView.xib; sourceTree = "<group>"; };
		D273A46C19CAC6160081BB37 /* order_cell_count_underline@2x.png */ = {isa = PBXFileReference; lastKnownFileType = image.png; path = "order_cell_count_underline@2x.png"; sourceTree = "<group>"; };
		D273A46D19CAC6160081BB37 /* order_cell_decrease_disable_button@2x.png */ = {isa = PBXFileReference; lastKnownFileType = image.png; path = "order_cell_decrease_disable_button@2x.png"; sourceTree = "<group>"; };
		D273A46E19CAC6160081BB37 /* order_cell_decrease_normal_button@2x.png */ = {isa = PBXFileReference; lastKnownFileType = image.png; path = "order_cell_decrease_normal_button@2x.png"; sourceTree = "<group>"; };
		D273A46F19CAC6160081BB37 /* order_cell_increase_disable_button@2x.png */ = {isa = PBXFileReference; lastKnownFileType = image.png; path = "order_cell_increase_disable_button@2x.png"; sourceTree = "<group>"; };
		D273A47019CAC6160081BB37 /* order_cell_increase_normal_button@2x.png */ = {isa = PBXFileReference; lastKnownFileType = image.png; path = "order_cell_increase_normal_button@2x.png"; sourceTree = "<group>"; };
		D273A47119CAC6160081BB37 /* order_ensure_ordering_button@2x.png */ = {isa = PBXFileReference; lastKnownFileType = image.png; path = "order_ensure_ordering_button@2x.png"; sourceTree = "<group>"; };
		D290281A19CF1F650093AF33 /* CRTabBar.h */ = {isa = PBXFileReference; fileEncoding = 4; lastKnownFileType = sourcecode.c.h; path = CRTabBar.h; sourceTree = "<group>"; };
		D290281B19CF1F650093AF33 /* CRTabBar.m */ = {isa = PBXFileReference; fileEncoding = 4; lastKnownFileType = sourcecode.c.objc; path = CRTabBar.m; sourceTree = "<group>"; };
		D290281C19CF1F650093AF33 /* CRTabBarItem.h */ = {isa = PBXFileReference; fileEncoding = 4; lastKnownFileType = sourcecode.c.h; path = CRTabBarItem.h; sourceTree = "<group>"; };
		D290281D19CF1F650093AF33 /* CRTabBarItem.m */ = {isa = PBXFileReference; fileEncoding = 4; lastKnownFileType = sourcecode.c.objc; path = CRTabBarItem.m; sourceTree = "<group>"; };
		D290282019D06B390093AF33 /* DXEMember.h */ = {isa = PBXFileReference; fileEncoding = 4; lastKnownFileType = sourcecode.c.h; name = DXEMember.h; path = Model/DXEMember.h; sourceTree = "<group>"; };
		D290282119D06B390093AF33 /* DXEMember.m */ = {isa = PBXFileReference; fileEncoding = 4; lastKnownFileType = sourcecode.c.objc; name = DXEMember.m; path = Model/DXEMember.m; sourceTree = "<group>"; };
		D290282319D0784D0093AF33 /* DXERecordTableViewCell.h */ = {isa = PBXFileReference; fileEncoding = 4; lastKnownFileType = sourcecode.c.h; name = DXERecordTableViewCell.h; path = Views/DXERecordTableViewCell.h; sourceTree = "<group>"; };
		D290282419D0784D0093AF33 /* DXERecordTableViewCell.m */ = {isa = PBXFileReference; fileEncoding = 4; lastKnownFileType = sourcecode.c.objc; name = DXERecordTableViewCell.m; path = Views/DXERecordTableViewCell.m; sourceTree = "<group>"; };
		D290282519D0784D0093AF33 /* DXERecordTableViewCell.xib */ = {isa = PBXFileReference; fileEncoding = 4; lastKnownFileType = file.xib; name = DXERecordTableViewCell.xib; path = Views/DXERecordTableViewCell.xib; sourceTree = "<group>"; };
		D290282919D088740093AF33 /* DXEDiningRecord.h */ = {isa = PBXFileReference; fileEncoding = 4; lastKnownFileType = sourcecode.c.h; name = DXEDiningRecord.h; path = Model/DXEDiningRecord.h; sourceTree = "<group>"; };
		D290282A19D088740093AF33 /* DXEDiningRecord.m */ = {isa = PBXFileReference; fileEncoding = 4; lastKnownFileType = sourcecode.c.objc; name = DXEDiningRecord.m; path = Model/DXEDiningRecord.m; sourceTree = "<group>"; };
		D290282C19D089ED0093AF33 /* DXERecordDishItem.h */ = {isa = PBXFileReference; fileEncoding = 4; lastKnownFileType = sourcecode.c.h; name = DXERecordDishItem.h; path = Model/DXERecordDishItem.h; sourceTree = "<group>"; };
		D290282D19D089ED0093AF33 /* DXERecordDishItem.m */ = {isa = PBXFileReference; fileEncoding = 4; lastKnownFileType = sourcecode.c.objc; name = DXERecordDishItem.m; path = Model/DXERecordDishItem.m; sourceTree = "<group>"; };
		D290282F19D124750093AF33 /* DXERecordTitleView.h */ = {isa = PBXFileReference; fileEncoding = 4; lastKnownFileType = sourcecode.c.h; name = DXERecordTitleView.h; path = Views/DXERecordTitleView.h; sourceTree = "<group>"; };
		D290283019D124750093AF33 /* DXERecordTitleView.m */ = {isa = PBXFileReference; fileEncoding = 4; lastKnownFileType = sourcecode.c.objc; name = DXERecordTitleView.m; path = Views/DXERecordTitleView.m; sourceTree = "<group>"; };
		D290283219D124A40093AF33 /* DXERecordTitleView.xib */ = {isa = PBXFileReference; fileEncoding = 4; lastKnownFileType = file.xib; name = DXERecordTitleView.xib; path = Views/DXERecordTitleView.xib; sourceTree = "<group>"; };
		D290283419D169810093AF33 /* myself_avatar_background@2x.png */ = {isa = PBXFileReference; lastKnownFileType = image.png; path = "myself_avatar_background@2x.png"; sourceTree = "<group>"; };
		D290283819D1728A0093AF33 /* myself_record_detail_button@2x.png */ = {isa = PBXFileReference; lastKnownFileType = image.png; path = "myself_record_detail_button@2x.png"; sourceTree = "<group>"; };
		D290283D19D1A0190093AF33 /* DXEOrderEmptyViewController.h */ = {isa = PBXFileReference; fileEncoding = 4; lastKnownFileType = sourcecode.c.h; name = DXEOrderEmptyViewController.h; path = ViewControllers/DXEOrderEmptyViewController.h; sourceTree = "<group>"; };
		D290283E19D1A0190093AF33 /* DXEOrderEmptyViewController.m */ = {isa = PBXFileReference; fileEncoding = 4; lastKnownFileType = sourcecode.c.objc; name = DXEOrderEmptyViewController.m; path = ViewControllers/DXEOrderEmptyViewController.m; sourceTree = "<group>"; };
		D290283F19D1A0190093AF33 /* DXEOrderEmptyViewController.xib */ = {isa = PBXFileReference; fileEncoding = 4; lastKnownFileType = file.xib; name = DXEOrderEmptyViewController.xib; path = ViewControllers/DXEOrderEmptyViewController.xib; sourceTree = "<group>"; };
		D290284E19D1D7EE0093AF33 /* DXEOrderProgressViewController.h */ = {isa = PBXFileReference; fileEncoding = 4; lastKnownFileType = sourcecode.c.h; name = DXEOrderProgressViewController.h; path = ViewControllers/DXEOrderProgressViewController.h; sourceTree = "<group>"; };
		D290284F19D1D7EE0093AF33 /* DXEOrderProgressViewController.m */ = {isa = PBXFileReference; fileEncoding = 4; lastKnownFileType = sourcecode.c.objc; name = DXEOrderProgressViewController.m; path = ViewControllers/DXEOrderProgressViewController.m; sourceTree = "<group>"; };
		D290285019D1D7EE0093AF33 /* DXEOrderProgressViewController.xib */ = {isa = PBXFileReference; fileEncoding = 4; lastKnownFileType = file.xib; name = DXEOrderProgressViewController.xib; path = ViewControllers/DXEOrderProgressViewController.xib; sourceTree = "<group>"; };
		D290285819D2C97C0093AF33 /* order_empty_cart_not_ordered@2x.png */ = {isa = PBXFileReference; lastKnownFileType = image.png; path = "order_empty_cart_not_ordered@2x.png"; sourceTree = "<group>"; };
		D290285A19D2C97C0093AF33 /* order_empty_gotohomepage_button@2x.png */ = {isa = PBXFileReference; lastKnownFileType = image.png; path = "order_empty_gotohomepage_button@2x.png"; sourceTree = "<group>"; };
		D290285E19D2CD000093AF33 /* order_empty_cart_ordered@2x.png */ = {isa = PBXFileReference; lastKnownFileType = image.png; path = "order_empty_cart_ordered@2x.png"; sourceTree = "<group>"; };
		D290286019D2D42A0093AF33 /* DXEOrderProgressTableViewCell.h */ = {isa = PBXFileReference; fileEncoding = 4; lastKnownFileType = sourcecode.c.h; name = DXEOrderProgressTableViewCell.h; path = Views/DXEOrderProgressTableViewCell.h; sourceTree = "<group>"; };
		D290286119D2D42A0093AF33 /* DXEOrderProgressTableViewCell.m */ = {isa = PBXFileReference; fileEncoding = 4; lastKnownFileType = sourcecode.c.objc; name = DXEOrderProgressTableViewCell.m; path = Views/DXEOrderProgressTableViewCell.m; sourceTree = "<group>"; };
		D290286219D2D42A0093AF33 /* DXEOrderProgressTableViewCell.xib */ = {isa = PBXFileReference; fileEncoding = 4; lastKnownFileType = file.xib; name = DXEOrderProgressTableViewCell.xib; path = Views/DXEOrderProgressTableViewCell.xib; sourceTree = "<group>"; };
		D290286519D33B460093AF33 /* DXEOrderProgressTitleView.h */ = {isa = PBXFileReference; fileEncoding = 4; lastKnownFileType = sourcecode.c.h; name = DXEOrderProgressTitleView.h; path = Views/DXEOrderProgressTitleView.h; sourceTree = "<group>"; };
		D290286619D33B460093AF33 /* DXEOrderProgressTitleView.m */ = {isa = PBXFileReference; fileEncoding = 4; lastKnownFileType = sourcecode.c.objc; name = DXEOrderProgressTitleView.m; path = Views/DXEOrderProgressTitleView.m; sourceTree = "<group>"; };
		D290286819D33BA60093AF33 /* DXEOrderProgressTitleView.xib */ = {isa = PBXFileReference; fileEncoding = 4; lastKnownFileType = file.xib; name = DXEOrderProgressTitleView.xib; path = Views/DXEOrderProgressTitleView.xib; sourceTree = "<group>"; };
		D290286A19D351C70093AF33 /* DXEOriginViewController.m */ = {isa = PBXFileReference; fileEncoding = 4; lastKnownFileType = sourcecode.c.objc; path = DXEOriginViewController.m; sourceTree = "<group>"; };
		D290286E19D3539B0093AF33 /* origin_content@2x.png */ = {isa = PBXFileReference; lastKnownFileType = image.png; path = "origin_content@2x.png"; sourceTree = "<group>"; };
		D290287019D35A860093AF33 /* DXEMemberLoginView.h */ = {isa = PBXFileReference; fileEncoding = 4; lastKnownFileType = sourcecode.c.h; name = DXEMemberLoginView.h; path = Views/DXEMemberLoginView.h; sourceTree = "<group>"; };
		D290287119D35A860093AF33 /* DXEMemberLoginView.m */ = {isa = PBXFileReference; fileEncoding = 4; lastKnownFileType = sourcecode.c.objc; name = DXEMemberLoginView.m; path = Views/DXEMemberLoginView.m; sourceTree = "<group>"; };
		D290287319D35A9D0093AF33 /* DXEMemberLoginView.xib */ = {isa = PBXFileReference; fileEncoding = 4; lastKnownFileType = file.xib; name = DXEMemberLoginView.xib; path = Views/DXEMemberLoginView.xib; sourceTree = "<group>"; };
		D290287519D35B700093AF33 /* member_login_brand@2x.png */ = {isa = PBXFileReference; lastKnownFileType = image.png; path = "member_login_brand@2x.png"; sourceTree = "<group>"; };
		D290287619D35B700093AF33 /* member_login_close_button@2x.png */ = {isa = PBXFileReference; lastKnownFileType = image.png; path = "member_login_close_button@2x.png"; sourceTree = "<group>"; };
		D290287719D35B700093AF33 /* member_login_password_icon@2x.png.png */ = {isa = PBXFileReference; lastKnownFileType = image.png; path = "member_login_password_icon@2x.png.png"; sourceTree = "<group>"; };
		D290287819D35B700093AF33 /* member_login_user_icon@2x.png */ = {isa = PBXFileReference; lastKnownFileType = image.png; path = "member_login_user_icon@2x.png"; sourceTree = "<group>"; };
		D2981E2019B85AA900DD22E2 /* test_dish_class@2x.png */ = {isa = PBXFileReference; lastKnownFileType = image.png; path = "test_dish_class@2x.png"; sourceTree = "<group>"; };
		D2981E2C19B8A93E00DD22E2 /* DXEDishDetailView.h */ = {isa = PBXFileReference; fileEncoding = 4; lastKnownFileType = sourcecode.c.h; name = DXEDishDetailView.h; path = Views/DXEDishDetailView.h; sourceTree = "<group>"; };
		D2981E2D19B8A93E00DD22E2 /* DXEDishDetailView.m */ = {isa = PBXFileReference; fileEncoding = 4; lastKnownFileType = sourcecode.c.objc; name = DXEDishDetailView.m; path = Views/DXEDishDetailView.m; sourceTree = "<group>"; };
		D2981E2F19B8A96400DD22E2 /* DXEDishDetailView.xib */ = {isa = PBXFileReference; fileEncoding = 4; lastKnownFileType = file.xib; name = DXEDishDetailView.xib; path = Views/DXEDishDetailView.xib; sourceTree = "<group>"; };
		D2981E3B19BF08A000DD22E2 /* test_dish_item@2x.png */ = {isa = PBXFileReference; lastKnownFileType = image.png; path = "test_dish_item@2x.png"; sourceTree = "<group>"; };
		D2981F0D19C03FAD00DD22E2 /* Theme */ = {isa = PBXFileReference; lastKnownFileType = folder; path = Theme; sourceTree = "<group>"; };
		D29FAB5219B5C1E000E667D4 /* DXEDishClass.h */ = {isa = PBXFileReference; fileEncoding = 4; lastKnownFileType = sourcecode.c.h; name = DXEDishClass.h; path = Model/DXEDishClass.h; sourceTree = "<group>"; };
		D29FAB5319B5C1E000E667D4 /* DXEDishClass.m */ = {isa = PBXFileReference; fileEncoding = 4; lastKnownFileType = sourcecode.c.objc; name = DXEDishClass.m; path = Model/DXEDishClass.m; sourceTree = "<group>"; };
		D29FAB5419B5C1E000E667D4 /* DXEDishItem.h */ = {isa = PBXFileReference; fileEncoding = 4; lastKnownFileType = sourcecode.c.h; name = DXEDishItem.h; path = Model/DXEDishItem.h; sourceTree = "<group>"; };
		D29FAB5519B5C1E000E667D4 /* DXEDishItem.m */ = {isa = PBXFileReference; fileEncoding = 4; lastKnownFileType = sourcecode.c.objc; name = DXEDishItem.m; path = Model/DXEDishItem.m; sourceTree = "<group>"; };
		D29FAB5B19B603A000E667D4 /* DXEDishDataManager.h */ = {isa = PBXFileReference; fileEncoding = 4; lastKnownFileType = sourcecode.c.h; name = DXEDishDataManager.h; path = Model/DXEDishDataManager.h; sourceTree = "<group>"; };
		D29FAB5C19B603A000E667D4 /* DXEDishDataManager.m */ = {isa = PBXFileReference; fileEncoding = 4; lastKnownFileType = sourcecode.c.objc; name = DXEDishDataManager.m; path = Model/DXEDishDataManager.m; sourceTree = "<group>"; };
/* End PBXFileReference section */

/* Begin PBXFrameworksBuildPhase section */
		D22BE18D1972747000A438D2 /* Frameworks */ = {
			isa = PBXFrameworksBuildPhase;
			buildActionMask = 2147483647;
			files = (
				D22BE1961972747000A438D2 /* CoreGraphics.framework in Frameworks */,
				D22BE1981972747000A438D2 /* UIKit.framework in Frameworks */,
				D22BE1941972747000A438D2 /* Foundation.framework in Frameworks */,
				731CAACE6DBB4861A8AEDEC7 /* libPods.a in Frameworks */,
			);
			runOnlyForDeploymentPostprocessing = 0;
		};
		D22BE1A81972747000A438D2 /* Frameworks */ = {
			isa = PBXFrameworksBuildPhase;
			buildActionMask = 2147483647;
			files = (
				D22BE1AD1972747000A438D2 /* XCTest.framework in Frameworks */,
				D22BE1AF1972747000A438D2 /* UIKit.framework in Frameworks */,
				D22BE1AE1972747000A438D2 /* Foundation.framework in Frameworks */,
			);
			runOnlyForDeploymentPostprocessing = 0;
		};
/* End PBXFrameworksBuildPhase section */

/* Begin PBXGroup section */
		D2049277198D0C0700D8187E /* View */ = {
			isa = PBXGroup;
			children = (
				D204927C198D0C9200D8187E /* HomePage */,
				D273A45519C98C850081BB37 /* Order */,
				D290282819D078510093AF33 /* Myself */,
			);
			name = View;
			sourceTree = "<group>";
		};
		D2049278198D0C1000D8187E /* Model */ = {
			isa = PBXGroup;
			children = (
				D29FAB5219B5C1E000E667D4 /* DXEDishClass.h */,
				D29FAB5319B5C1E000E667D4 /* DXEDishClass.m */,
				D29FAB5419B5C1E000E667D4 /* DXEDishItem.h */,
				D29FAB5519B5C1E000E667D4 /* DXEDishItem.m */,
				D29FAB5B19B603A000E667D4 /* DXEDishDataManager.h */,
				D29FAB5C19B603A000E667D4 /* DXEDishDataManager.m */,
				D24986CB19B70CB00029CC57 /* DXEImageManager.h */,
				D24986CC19B70CB00029CC57 /* DXEImageManager.m */,
				D273A44519C8A2750081BB37 /* DXEOrderManager.h */,
				D273A44619C8A2750081BB37 /* DXEOrderManager.m */,
				D290282C19D089ED0093AF33 /* DXERecordDishItem.h */,
				D290282D19D089ED0093AF33 /* DXERecordDishItem.m */,
				D290282919D088740093AF33 /* DXEDiningRecord.h */,
				D290282A19D088740093AF33 /* DXEDiningRecord.m */,
				D290282019D06B390093AF33 /* DXEMember.h */,
				D290282119D06B390093AF33 /* DXEMember.m */,
			);
			name = Model;
			sourceTree = "<group>";
		};
		D204927C198D0C9200D8187E /* HomePage */ = {
			isa = PBXGroup;
			children = (
				D204928B198D4EAD00D8187E /* DXETipsColletionViewCell.h */,
				D204928C198D4EAD00D8187E /* DXETipsColletionViewCell.m */,
				D204928E198D4ED400D8187E /* DXETipsCollectionViewCell.xib */,
				D2049286198D4AA900D8187E /* DXEDishCollectionViewCell.h */,
				D2049287198D4AA900D8187E /* DXEDishCollectionViewCell.m */,
				D2049290198D4EEC00D8187E /* DXEDishCollectionViewCell.xib */,
				D2981E2C19B8A93E00DD22E2 /* DXEDishDetailView.h */,
				D2981E2D19B8A93E00DD22E2 /* DXEDishDetailView.m */,
				D2981E2F19B8A96400DD22E2 /* DXEDishDetailView.xib */,
			);
			name = HomePage;
			sourceTree = "<group>";
		};
		D20492A11997CB8E00D8187E /* Resource */ = {
			isa = PBXGroup;
			children = (
				D273A3E119C73E030081BB37 /* qrcode_button@2x.png */,
				D273A3D919C73CDE0081BB37 /* dish_cell_favor_hollow_icon@2x.png */,
				D273A3DA19C73CDE0081BB37 /* dish_cell_favor_solid_icon@2x.png */,
				D273A3DB19C73CDE0081BB37 /* dish_cell_price_icon@2x.png */,
				D273A3DC19C73CDE0081BB37 /* dish_cell_soldout_flag@2x.png */,
				D273A43D19C884F80081BB37 /* dish_cell_incart_flag@2x.png */,
				D273A43F19C885A10081BB37 /* dish_cell_add2cart_button.png */,
				D273A44019C885A10081BB37 /* dish_cell_add2cart_pressed_button.png */,
				D273A44119C885A10081BB37 /* dish_cell_soldout_button@2x.png */,
				D290286E19D3539B0093AF33 /* origin_content@2x.png */,
				D273A46C19CAC6160081BB37 /* order_cell_count_underline@2x.png */,
				D273A46D19CAC6160081BB37 /* order_cell_decrease_disable_button@2x.png */,
				D273A46E19CAC6160081BB37 /* order_cell_decrease_normal_button@2x.png */,
				D273A46F19CAC6160081BB37 /* order_cell_increase_disable_button@2x.png */,
				D273A47019CAC6160081BB37 /* order_cell_increase_normal_button@2x.png */,
				D290285819D2C97C0093AF33 /* order_empty_cart_not_ordered@2x.png */,
				D290285E19D2CD000093AF33 /* order_empty_cart_ordered@2x.png */,
				D290285A19D2C97C0093AF33 /* order_empty_gotohomepage_button@2x.png */,
				D273A47119CAC6160081BB37 /* order_ensure_ordering_button@2x.png */,
				D290283819D1728A0093AF33 /* myself_record_detail_button@2x.png */,
				D290283419D169810093AF33 /* myself_avatar_background@2x.png */,
				D290287519D35B700093AF33 /* member_login_brand@2x.png */,
				D290287619D35B700093AF33 /* member_login_close_button@2x.png */,
				D290287719D35B700093AF33 /* member_login_password_icon@2x.png.png */,
				D290287819D35B700093AF33 /* member_login_user_icon@2x.png */,
				D2981E2019B85AA900DD22E2 /* test_dish_class@2x.png */,
				D2981E3B19BF08A000DD22E2 /* test_dish_item@2x.png */,
			);
			name = Resource;
			path = CommonResource;
			sourceTree = "<group>";
		};
		D20712091974D0FA00E34770 /* HomePage */ = {
			isa = PBXGroup;
			children = (
				D24659891973FAFA0010B1B6 /* DXEHomePageViewController.h */,
				D246598A1973FAFA0010B1B6 /* DXEHomePageViewController.m */,
				D273A3D419C616340081BB37 /* DXEDishesViewController.h */,
				D273A3D519C616340081BB37 /* DXEDishesViewController.m */,
			);
			name = HomePage;
			sourceTree = "<group>";
		};
		D207120A1974D11500E34770 /* Myself */ = {
			isa = PBXGroup;
			children = (
				D20712361974D7F500E34770 /* DXEMyselfViewController.h */,
				D20712371974D7F500E34770 /* DXEMyselfViewController.m */,
				D20712381974D7F500E34770 /* DXEMyselfViewController.xib */,
			);
			name = Myself;
			sourceTree = "<group>";
		};
		D207120B1974D12800E34770 /* Origin */ = {
			isa = PBXGroup;
			children = (
				D20712221974D7AC00E34770 /* DXEOriginViewController.h */,
				D290286A19D351C70093AF33 /* DXEOriginViewController.m */,
				D20712241974D7AC00E34770 /* DXEOriginViewController.xib */,
			);
			name = Origin;
			sourceTree = "<group>";
		};
		D207120C1974D13200E34770 /* Order */ = {
			isa = PBXGroup;
			children = (
				D207122C1974D7D000E34770 /* DXEOrderViewController.h */,
				D207122D1974D7D000E34770 /* DXEOrderViewController.m */,
				D273A44D19C983970081BB37 /* DXEOrderCartViewController.h */,
				D273A44E19C983970081BB37 /* DXEOrderCartViewController.m */,
				D273A44F19C983970081BB37 /* DXEOrderCartViewController.xib */,
				D290284E19D1D7EE0093AF33 /* DXEOrderProgressViewController.h */,
				D290284F19D1D7EE0093AF33 /* DXEOrderProgressViewController.m */,
				D290285019D1D7EE0093AF33 /* DXEOrderProgressViewController.xib */,
				D290283D19D1A0190093AF33 /* DXEOrderEmptyViewController.h */,
				D290283E19D1A0190093AF33 /* DXEOrderEmptyViewController.m */,
				D290283F19D1A0190093AF33 /* DXEOrderEmptyViewController.xib */,
			);
			name = Order;
			sourceTree = "<group>";
		};
		D207120D1974D13D00E34770 /* Questionnaire */ = {
			isa = PBXGroup;
			children = (
				D20712271974D7BE00E34770 /* DXEQuestionnaireViewController.h */,
				D20712281974D7BE00E34770 /* DXEQuestionnaireViewController.m */,
				D20712291974D7BE00E34770 /* DXEQuestionnaireViewController.xib */,
			);
			name = Questionnaire;
			sourceTree = "<group>";
		};
		D22BE1871972747000A438D2 = {
			isa = PBXGroup;
			children = (
				D22BE1991972747000A438D2 /* DianXiaoEr-Menu-iOS */,
				D22BE1B21972747000A438D2 /* DianXiaoEr-Menu-iOSTests */,
				D22BE1921972747000A438D2 /* Frameworks */,
				D22BE1911972747000A438D2 /* Products */,
				07430FF3329A4EBFB4AB3C68 /* Pods.xcconfig */,
			);
			sourceTree = "<group>";
		};
		D22BE1911972747000A438D2 /* Products */ = {
			isa = PBXGroup;
			children = (
				D22BE1901972747000A438D2 /* DianXiaoEr-Menu-iOS.app */,
				D22BE1AB1972747000A438D2 /* DianXiaoEr-Menu-iOSTests.xctest */,
			);
			name = Products;
			sourceTree = "<group>";
		};
		D22BE1921972747000A438D2 /* Frameworks */ = {
			isa = PBXGroup;
			children = (
				D22BE1931972747000A438D2 /* Foundation.framework */,
				D22BE1951972747000A438D2 /* CoreGraphics.framework */,
				D22BE1971972747000A438D2 /* UIKit.framework */,
				D22BE1AC1972747000A438D2 /* XCTest.framework */,
				52A19EEB29E7462C89A58EDF /* libPods.a */,
			);
			name = Frameworks;
			sourceTree = "<group>";
		};
		D22BE1991972747000A438D2 /* DianXiaoEr-Menu-iOS */ = {
			isa = PBXGroup;
			children = (
				D2049293198D865600D8187E /* DXECommonHeader.h */,
				D22BE1A21972747000A438D2 /* DXEAppDelegate.h */,
				D22BE1A31972747000A438D2 /* DXEAppDelegate.m */,
				D2049278198D0C1000D8187E /* Model */,
				D2049277198D0C0700D8187E /* View */,
				D246598E1973FB0A0010B1B6 /* View Controller */,
				D273A3B719C603180081BB37 /* Library */,
				D20492A11997CB8E00D8187E /* Resource */,
				D22BE1A51972747000A438D2 /* Images.xcassets */,
				D2981F0D19C03FAD00DD22E2 /* Theme */,
				D22BE19A1972747000A438D2 /* Supporting Files */,
			);
			path = "DianXiaoEr-Menu-iOS";
			sourceTree = "<group>";
		};
		D22BE19A1972747000A438D2 /* Supporting Files */ = {
			isa = PBXGroup;
			children = (
				D22BE19B1972747000A438D2 /* DianXiaoEr-Menu-iOS-Info.plist */,
				D22BE19C1972747000A438D2 /* InfoPlist.strings */,
				D22BE19F1972747000A438D2 /* main.m */,
				D22BE1A11972747000A438D2 /* DianXiaoEr-Menu-iOS-Prefix.pch */,
			);
			name = "Supporting Files";
			sourceTree = "<group>";
		};
		D22BE1B21972747000A438D2 /* DianXiaoEr-Menu-iOSTests */ = {
			isa = PBXGroup;
			children = (
				D22BE1B81972747000A438D2 /* DianXiaoEr_Menu_iOSTests.m */,
				D22BE1B31972747000A438D2 /* Supporting Files */,
			);
			path = "DianXiaoEr-Menu-iOSTests";
			sourceTree = "<group>";
		};
		D22BE1B31972747000A438D2 /* Supporting Files */ = {
			isa = PBXGroup;
			children = (
				D22BE1B41972747000A438D2 /* DianXiaoEr-Menu-iOSTests-Info.plist */,
				D22BE1B51972747000A438D2 /* InfoPlist.strings */,
			);
			name = "Supporting Files";
			sourceTree = "<group>";
		};
		D246598E1973FB0A0010B1B6 /* View Controller */ = {
			isa = PBXGroup;
			children = (
				D26026F81999F2E6004D6579 /* Open */,
				D26026FC199B4FB1004D6579 /* Main */,
			);
			name = "View Controller";
			sourceTree = "<group>";
		};
		D26026F81999F2E6004D6579 /* Open */ = {
			isa = PBXGroup;
			children = (
				D26026F31999F2DF004D6579 /* DXEOpenViewController.h */,
				D26026F41999F2DF004D6579 /* DXEOpenViewController.m */,
				D26026F51999F2DF004D6579 /* DXEOpenViewController.xib */,
			);
			name = Open;
			sourceTree = "<group>";
		};
		D26026FC199B4FB1004D6579 /* Main */ = {
			isa = PBXGroup;
			children = (
				D273A43619C81FA00081BB37 /* DXEMainViewController.h */,
				D273A43719C81FA00081BB37 /* DXEMainViewController.m */,
				D20712091974D0FA00E34770 /* HomePage */,
				D207120B1974D12800E34770 /* Origin */,
				D207120D1974D13D00E34770 /* Questionnaire */,
				D207120C1974D13200E34770 /* Order */,
				D207120A1974D11500E34770 /* Myself */,
			);
			name = Main;
			sourceTree = "<group>";
		};
		D273A3B719C603180081BB37 /* Library */ = {
			isa = PBXGroup;
			children = (
				D290281919CF1F650093AF33 /* CRTabBar */,
				D273A3BF19C60B7B0081BB37 /* CRScrollMenuController */,
				D273A3B819C603180081BB37 /* CRModal */,
			);
			path = Library;
			sourceTree = "<group>";
		};
		D273A3B819C603180081BB37 /* CRModal */ = {
			isa = PBXGroup;
			children = (
				D273A3B919C603180081BB37 /* CRModal.h */,
				D273A3BA19C603180081BB37 /* CRModal.m */,
				D273A3BB19C603180081BB37 /* UIImage+Blur.h */,
				D273A3BC19C603180081BB37 /* UIImage+Blur.m */,
			);
			path = CRModal;
			sourceTree = "<group>";
		};
		D273A3BF19C60B7B0081BB37 /* CRScrollMenuController */ = {
			isa = PBXGroup;
			children = (
				D273A3C019C60B7B0081BB37 /* CRScrollMenu.h */,
				D273A3C119C60B7B0081BB37 /* CRScrollMenu.m */,
				D273A3C219C60B7B0081BB37 /* CRScrollMenuButton.h */,
				D273A3C319C60B7B0081BB37 /* CRScrollMenuButton.m */,
				D273A3C419C60B7B0081BB37 /* CRScrollMenuController.h */,
				D273A3C519C60B7B0081BB37 /* CRScrollMenuController.m */,
				D273A3C619C60B7B0081BB37 /* CRScrollMenuItem.h */,
				D273A3C719C60B7B0081BB37 /* CRScrollMenuItem.m */,
			);
			path = CRScrollMenuController;
			sourceTree = "<group>";
		};
		D273A45519C98C850081BB37 /* Order */ = {
			isa = PBXGroup;
			children = (
				D273A46719CA96EA0081BB37 /* DXEOrderCartTitleView.h */,
				D273A46819CA96EA0081BB37 /* DXEOrderCartTitleView.m */,
				D273A46A19CA97FB0081BB37 /* DXEOrderCartTitleView.xib */,
				D273A45B19C98D0E0081BB37 /* DXEOrderCartTableViewCell.h */,
				D273A45C19C98D0E0081BB37 /* DXEOrderCartTableViewCell.m */,
				D273A45D19C98D0E0081BB37 /* DXEOrderCartTableViewCell.xib */,
				D273A46219C9D48C0081BB37 /* DXEEnsureOrderingView.h */,
				D273A46319C9D48C0081BB37 /* DXEEnsureOrderingView.m */,
				D273A46519C9D4DF0081BB37 /* DXEEnsureOrderingView.xib */,
				D290286519D33B460093AF33 /* DXEOrderProgressTitleView.h */,
				D290286619D33B460093AF33 /* DXEOrderProgressTitleView.m */,
				D290286819D33BA60093AF33 /* DXEOrderProgressTitleView.xib */,
				D290286019D2D42A0093AF33 /* DXEOrderProgressTableViewCell.h */,
				D290286119D2D42A0093AF33 /* DXEOrderProgressTableViewCell.m */,
				D290286219D2D42A0093AF33 /* DXEOrderProgressTableViewCell.xib */,
			);
			name = Order;
			sourceTree = "<group>";
		};
		D290281919CF1F650093AF33 /* CRTabBar */ = {
			isa = PBXGroup;
			children = (
				D290281A19CF1F650093AF33 /* CRTabBar.h */,
				D290281B19CF1F650093AF33 /* CRTabBar.m */,
				D290281C19CF1F650093AF33 /* CRTabBarItem.h */,
				D290281D19CF1F650093AF33 /* CRTabBarItem.m */,
			);
			path = CRTabBar;
			sourceTree = "<group>";
		};
		D290282819D078510093AF33 /* Myself */ = {
			isa = PBXGroup;
			children = (
				D290282F19D124750093AF33 /* DXERecordTitleView.h */,
				D290283019D124750093AF33 /* DXERecordTitleView.m */,
				D290283219D124A40093AF33 /* DXERecordTitleView.xib */,
				D290282319D0784D0093AF33 /* DXERecordTableViewCell.h */,
				D290282419D0784D0093AF33 /* DXERecordTableViewCell.m */,
				D290282519D0784D0093AF33 /* DXERecordTableViewCell.xib */,
				D290287019D35A860093AF33 /* DXEMemberLoginView.h */,
				D290287119D35A860093AF33 /* DXEMemberLoginView.m */,
				D290287319D35A9D0093AF33 /* DXEMemberLoginView.xib */,
			);
			name = Myself;
			sourceTree = "<group>";
		};
/* End PBXGroup section */

/* Begin PBXNativeTarget section */
		D22BE18F1972747000A438D2 /* DianXiaoEr-Menu-iOS */ = {
			isa = PBXNativeTarget;
			buildConfigurationList = D22BE1BC1972747000A438D2 /* Build configuration list for PBXNativeTarget "DianXiaoEr-Menu-iOS" */;
			buildPhases = (
				22AC35759D854BF5A8319E2C /* Check Pods Manifest.lock */,
				D22BE18C1972747000A438D2 /* Sources */,
				D22BE18D1972747000A438D2 /* Frameworks */,
				D22BE18E1972747000A438D2 /* Resources */,
				A382ECC0756747C3B4A1991C /* Copy Pods Resources */,
			);
			buildRules = (
			);
			dependencies = (
			);
			name = "DianXiaoEr-Menu-iOS";
			productName = "DianXiaoEr-Menu-iOS";
			productReference = D22BE1901972747000A438D2 /* DianXiaoEr-Menu-iOS.app */;
			productType = "com.apple.product-type.application";
		};
		D22BE1AA1972747000A438D2 /* DianXiaoEr-Menu-iOSTests */ = {
			isa = PBXNativeTarget;
			buildConfigurationList = D22BE1BF1972747000A438D2 /* Build configuration list for PBXNativeTarget "DianXiaoEr-Menu-iOSTests" */;
			buildPhases = (
				D22BE1A71972747000A438D2 /* Sources */,
				D22BE1A81972747000A438D2 /* Frameworks */,
				D22BE1A91972747000A438D2 /* Resources */,
			);
			buildRules = (
			);
			dependencies = (
				D22BE1B11972747000A438D2 /* PBXTargetDependency */,
			);
			name = "DianXiaoEr-Menu-iOSTests";
			productName = "DianXiaoEr-Menu-iOSTests";
			productReference = D22BE1AB1972747000A438D2 /* DianXiaoEr-Menu-iOSTests.xctest */;
			productType = "com.apple.product-type.bundle.unit-test";
		};
/* End PBXNativeTarget section */

/* Begin PBXProject section */
		D22BE1881972747000A438D2 /* Project object */ = {
			isa = PBXProject;
			attributes = {
				CLASSPREFIX = DXE;
				LastUpgradeCheck = 0510;
				ORGANIZATIONNAME = "Shang Chuanren";
				TargetAttributes = {
					D22BE18F1972747000A438D2 = {
						DevelopmentTeam = V4NCBEHL9S;
					};
					D22BE1AA1972747000A438D2 = {
						TestTargetID = D22BE18F1972747000A438D2;
					};
				};
			};
			buildConfigurationList = D22BE18B1972747000A438D2 /* Build configuration list for PBXProject "DianXiaoEr-Menu-iOS" */;
			compatibilityVersion = "Xcode 3.2";
			developmentRegion = English;
			hasScannedForEncodings = 0;
			knownRegions = (
				en,
			);
			mainGroup = D22BE1871972747000A438D2;
			productRefGroup = D22BE1911972747000A438D2 /* Products */;
			projectDirPath = "";
			projectRoot = "";
			targets = (
				D22BE18F1972747000A438D2 /* DianXiaoEr-Menu-iOS */,
				D22BE1AA1972747000A438D2 /* DianXiaoEr-Menu-iOSTests */,
			);
		};
/* End PBXProject section */

/* Begin PBXResourcesBuildPhase section */
		D22BE18E1972747000A438D2 /* Resources */ = {
			isa = PBXResourcesBuildPhase;
			buildActionMask = 2147483647;
			files = (
				D273A47619CAC6160081BB37 /* order_cell_increase_normal_button@2x.png in Resources */,
				D273A47319CAC6160081BB37 /* order_cell_decrease_disable_button@2x.png in Resources */,
				D273A3E219C73E030081BB37 /* qrcode_button@2x.png in Resources */,
				D273A43E19C884F80081BB37 /* dish_cell_incart_flag@2x.png in Resources */,
				D273A46B19CA97FB0081BB37 /* DXEOrderCartTitleView.xib in Resources */,
				D2981F0E19C03FAD00DD22E2 /* Theme in Resources */,
				D290285D19D2C97C0093AF33 /* order_empty_gotohomepage_button@2x.png in Resources */,
				D290283319D124A40093AF33 /* DXERecordTitleView.xib in Resources */,
				D273A3DF19C73CDE0081BB37 /* dish_cell_price_icon@2x.png in Resources */,
				D273A3E019C73CDE0081BB37 /* dish_cell_soldout_flag@2x.png in Resources */,
				D273A45F19C98D0E0081BB37 /* DXEOrderCartTableViewCell.xib in Resources */,
				D2981E3019B8A96400DD22E2 /* DXEDishDetailView.xib in Resources */,
				D290285B19D2C97C0093AF33 /* order_empty_cart_not_ordered@2x.png in Resources */,
				D273A47519CAC6160081BB37 /* order_cell_increase_disable_button@2x.png in Resources */,
				D290287B19D35B700093AF33 /* member_login_password_icon@2x.png.png in Resources */,
				D290285219D1D7EE0093AF33 /* DXEOrderProgressViewController.xib in Resources */,
				D290287C19D35B700093AF33 /* member_login_user_icon@2x.png in Resources */,
				D2981E3C19BF08A000DD22E2 /* test_dish_item@2x.png in Resources */,
				D273A45119C983970081BB37 /* DXEOrderCartViewController.xib in Resources */,
				D290283919D1728A0093AF33 /* myself_record_detail_button@2x.png in Resources */,
				D273A3DD19C73CDE0081BB37 /* dish_cell_favor_hollow_icon@2x.png in Resources */,
				D290282719D0784D0093AF33 /* DXERecordTableViewCell.xib in Resources */,
				D290287419D35A9D0093AF33 /* DXEMemberLoginView.xib in Resources */,
				D273A46619C9D4DF0081BB37 /* DXEEnsureOrderingView.xib in Resources */,
				D290283519D169810093AF33 /* myself_avatar_background@2x.png in Resources */,
				D207123A1974D7F500E34770 /* DXEMyselfViewController.xib in Resources */,
				D20712261974D7AC00E34770 /* DXEOriginViewController.xib in Resources */,
				D290287919D35B700093AF33 /* member_login_brand@2x.png in Resources */,
				D273A44219C885A10081BB37 /* dish_cell_add2cart_button.png in Resources */,
				D26026F71999F2DF004D6579 /* DXEOpenViewController.xib in Resources */,
				D273A44319C885A10081BB37 /* dish_cell_add2cart_pressed_button.png in Resources */,
				D273A47419CAC6160081BB37 /* order_cell_decrease_normal_button@2x.png in Resources */,
				D207122B1974D7BE00E34770 /* DXEQuestionnaireViewController.xib in Resources */,
				D273A44419C885A10081BB37 /* dish_cell_soldout_button@2x.png in Resources */,
				D290284119D1A0190093AF33 /* DXEOrderEmptyViewController.xib in Resources */,
				D290286F19D3539B0093AF33 /* origin_content@2x.png in Resources */,
				D290286919D33BA60093AF33 /* DXEOrderProgressTitleView.xib in Resources */,
				D204928F198D4ED400D8187E /* DXETipsCollectionViewCell.xib in Resources */,
				D290287A19D35B700093AF33 /* member_login_close_button@2x.png in Resources */,
				D22BE19E1972747000A438D2 /* InfoPlist.strings in Resources */,
				D2049291198D4EEC00D8187E /* DXEDishCollectionViewCell.xib in Resources */,
				D22BE1A61972747000A438D2 /* Images.xcassets in Resources */,
				D290285F19D2CD000093AF33 /* order_empty_cart_ordered@2x.png in Resources */,
				D2981E2219B85AA900DD22E2 /* test_dish_class@2x.png in Resources */,
				D273A47219CAC6160081BB37 /* order_cell_count_underline@2x.png in Resources */,
				D273A47719CAC6160081BB37 /* order_ensure_ordering_button@2x.png in Resources */,
				D290286419D2D42A0093AF33 /* DXEOrderProgressTableViewCell.xib in Resources */,
				D273A3DE19C73CDE0081BB37 /* dish_cell_favor_solid_icon@2x.png in Resources */,
			);
			runOnlyForDeploymentPostprocessing = 0;
		};
		D22BE1A91972747000A438D2 /* Resources */ = {
			isa = PBXResourcesBuildPhase;
			buildActionMask = 2147483647;
			files = (
				D22BE1B71972747000A438D2 /* InfoPlist.strings in Resources */,
			);
			runOnlyForDeploymentPostprocessing = 0;
		};
/* End PBXResourcesBuildPhase section */

/* Begin PBXShellScriptBuildPhase section */
		22AC35759D854BF5A8319E2C /* Check Pods Manifest.lock */ = {
			isa = PBXShellScriptBuildPhase;
			buildActionMask = 2147483647;
			files = (
			);
			inputPaths = (
			);
			name = "Check Pods Manifest.lock";
			outputPaths = (
			);
			runOnlyForDeploymentPostprocessing = 0;
			shellPath = /bin/sh;
			shellScript = "diff \"${PODS_ROOT}/../Podfile.lock\" \"${PODS_ROOT}/Manifest.lock\" > /dev/null\nif [[ $? != 0 ]] ; then\n    cat << EOM\nerror: The sandbox is not in sync with the Podfile.lock. Run 'pod install' or update your CocoaPods installation.\nEOM\n    exit 1\nfi\n";
			showEnvVarsInLog = 0;
		};
		A382ECC0756747C3B4A1991C /* Copy Pods Resources */ = {
			isa = PBXShellScriptBuildPhase;
			buildActionMask = 2147483647;
			files = (
			);
			inputPaths = (
			);
			name = "Copy Pods Resources";
			outputPaths = (
			);
			runOnlyForDeploymentPostprocessing = 0;
			shellPath = /bin/sh;
			shellScript = "\"${SRCROOT}/Pods/Pods-resources.sh\"\n";
			showEnvVarsInLog = 0;
		};
/* End PBXShellScriptBuildPhase section */

/* Begin PBXSourcesBuildPhase section */
		D22BE18C1972747000A438D2 /* Sources */ = {
			isa = PBXSourcesBuildPhase;
			buildActionMask = 2147483647;
			files = (
				D290283119D124750093AF33 /* DXERecordTitleView.m in Sources */,
				D290286319D2D42A0093AF33 /* DXEOrderProgressTableViewCell.m in Sources */,
				D273A46919CA96EA0081BB37 /* DXEOrderCartTitleView.m in Sources */,
				D273A3BE19C603180081BB37 /* UIImage+Blur.m in Sources */,
				D2049288198D4AA900D8187E /* DXEDishCollectionViewCell.m in Sources */,
				D273A43819C81FA00081BB37 /* DXEMainViewController.m in Sources */,
				D273A44719C8A2750081BB37 /* DXEOrderManager.m in Sources */,
				D290284019D1A0190093AF33 /* DXEOrderEmptyViewController.m in Sources */,
				D273A3BD19C603180081BB37 /* CRModal.m in Sources */,
				D290285119D1D7EE0093AF33 /* DXEOrderProgressViewController.m in Sources */,
				D20712391974D7F500E34770 /* DXEMyselfViewController.m in Sources */,
				D273A45019C983970081BB37 /* DXEOrderCartViewController.m in Sources */,
				D207122F1974D7D000E34770 /* DXEOrderViewController.m in Sources */,
				D290281E19CF1F650093AF33 /* CRTabBar.m in Sources */,
				D29FAB5719B5C1E000E667D4 /* DXEDishItem.m in Sources */,
				D273A3CB19C60B7B0081BB37 /* CRScrollMenuItem.m in Sources */,
				D290281F19CF1F650093AF33 /* CRTabBarItem.m in Sources */,
				D2981E2E19B8A93E00DD22E2 /* DXEDishDetailView.m in Sources */,
				D273A3C919C60B7B0081BB37 /* CRScrollMenuButton.m in Sources */,
				D273A3C819C60B7B0081BB37 /* CRScrollMenu.m in Sources */,
				D26026F61999F2DF004D6579 /* DXEOpenViewController.m in Sources */,
				D22BE1A41972747000A438D2 /* DXEAppDelegate.m in Sources */,
				D204928D198D4EAD00D8187E /* DXETipsColletionViewCell.m in Sources */,
				D246598C1973FAFA0010B1B6 /* DXEHomePageViewController.m in Sources */,
				D290282B19D088740093AF33 /* DXEDiningRecord.m in Sources */,
				D29FAB5619B5C1E000E667D4 /* DXEDishClass.m in Sources */,
				D290282619D0784D0093AF33 /* DXERecordTableViewCell.m in Sources */,
				D273A3CA19C60B7B0081BB37 /* CRScrollMenuController.m in Sources */,
				D29FAB5D19B603A000E667D4 /* DXEDishDataManager.m in Sources */,
				D24986CD19B70CB00029CC57 /* DXEImageManager.m in Sources */,
				D22BE1A01972747000A438D2 /* main.m in Sources */,
				D290286B19D351C70093AF33 /* DXEOriginViewController.m in Sources */,
				D273A3D619C616340081BB37 /* DXEDishesViewController.m in Sources */,
				D290282E19D089ED0093AF33 /* DXERecordDishItem.m in Sources */,
				D290286719D33B460093AF33 /* DXEOrderProgressTitleView.m in Sources */,
				D290282219D06B390093AF33 /* DXEMember.m in Sources */,
				D290287219D35A860093AF33 /* DXEMemberLoginView.m in Sources */,
				D273A45E19C98D0E0081BB37 /* DXEOrderCartTableViewCell.m in Sources */,
				D273A46419C9D48C0081BB37 /* DXEEnsureOrderingView.m in Sources */,
				D207122A1974D7BE00E34770 /* DXEQuestionnaireViewController.m in Sources */,
			);
			runOnlyForDeploymentPostprocessing = 0;
		};
		D22BE1A71972747000A438D2 /* Sources */ = {
			isa = PBXSourcesBuildPhase;
			buildActionMask = 2147483647;
			files = (
				D22BE1B91972747000A438D2 /* DianXiaoEr_Menu_iOSTests.m in Sources */,
			);
			runOnlyForDeploymentPostprocessing = 0;
		};
/* End PBXSourcesBuildPhase section */

/* Begin PBXTargetDependency section */
		D22BE1B11972747000A438D2 /* PBXTargetDependency */ = {
			isa = PBXTargetDependency;
			target = D22BE18F1972747000A438D2 /* DianXiaoEr-Menu-iOS */;
			targetProxy = D22BE1B01972747000A438D2 /* PBXContainerItemProxy */;
		};
/* End PBXTargetDependency section */

/* Begin PBXVariantGroup section */
		D22BE19C1972747000A438D2 /* InfoPlist.strings */ = {
			isa = PBXVariantGroup;
			children = (
				D22BE19D1972747000A438D2 /* en */,
			);
			name = InfoPlist.strings;
			sourceTree = "<group>";
		};
		D22BE1B51972747000A438D2 /* InfoPlist.strings */ = {
			isa = PBXVariantGroup;
			children = (
				D22BE1B61972747000A438D2 /* en */,
			);
			name = InfoPlist.strings;
			sourceTree = "<group>";
		};
/* End PBXVariantGroup section */

/* Begin XCBuildConfiguration section */
		D22BE1BA1972747000A438D2 /* Debug */ = {
			isa = XCBuildConfiguration;
			buildSettings = {
				ALWAYS_SEARCH_USER_PATHS = NO;
				CLANG_CXX_LANGUAGE_STANDARD = "gnu++0x";
				CLANG_CXX_LIBRARY = "libc++";
				CLANG_ENABLE_MODULES = YES;
				CLANG_ENABLE_OBJC_ARC = YES;
				CLANG_WARN_BOOL_CONVERSION = YES;
				CLANG_WARN_CONSTANT_CONVERSION = YES;
				CLANG_WARN_DIRECT_OBJC_ISA_USAGE = YES_ERROR;
				CLANG_WARN_EMPTY_BODY = YES;
				CLANG_WARN_ENUM_CONVERSION = YES;
				CLANG_WARN_INT_CONVERSION = YES;
				CLANG_WARN_OBJC_ROOT_CLASS = YES_ERROR;
				CLANG_WARN__DUPLICATE_METHOD_MATCH = YES;
				"CODE_SIGN_IDENTITY[sdk=iphoneos*]" = "iPhone Developer";
				COPY_PHASE_STRIP = NO;
				GCC_C_LANGUAGE_STANDARD = gnu99;
				GCC_DYNAMIC_NO_PIC = NO;
				GCC_OPTIMIZATION_LEVEL = 0;
				GCC_PREPROCESSOR_DEFINITIONS = (
					"DEBUG=1",
					"$(inherited)",
				);
				GCC_SYMBOLS_PRIVATE_EXTERN = NO;
				GCC_WARN_64_TO_32_BIT_CONVERSION = YES;
				GCC_WARN_ABOUT_RETURN_TYPE = YES_ERROR;
				GCC_WARN_UNDECLARED_SELECTOR = YES;
				GCC_WARN_UNINITIALIZED_AUTOS = YES_AGGRESSIVE;
				GCC_WARN_UNUSED_FUNCTION = YES;
				GCC_WARN_UNUSED_VARIABLE = YES;
				IPHONEOS_DEPLOYMENT_TARGET = 7.1;
				ONLY_ACTIVE_ARCH = YES;
				SDKROOT = iphoneos;
				TARGETED_DEVICE_FAMILY = 2;
			};
			name = Debug;
		};
		D22BE1BB1972747000A438D2 /* Release */ = {
			isa = XCBuildConfiguration;
			buildSettings = {
				ALWAYS_SEARCH_USER_PATHS = NO;
				CLANG_CXX_LANGUAGE_STANDARD = "gnu++0x";
				CLANG_CXX_LIBRARY = "libc++";
				CLANG_ENABLE_MODULES = YES;
				CLANG_ENABLE_OBJC_ARC = YES;
				CLANG_WARN_BOOL_CONVERSION = YES;
				CLANG_WARN_CONSTANT_CONVERSION = YES;
				CLANG_WARN_DIRECT_OBJC_ISA_USAGE = YES_ERROR;
				CLANG_WARN_EMPTY_BODY = YES;
				CLANG_WARN_ENUM_CONVERSION = YES;
				CLANG_WARN_INT_CONVERSION = YES;
				CLANG_WARN_OBJC_ROOT_CLASS = YES_ERROR;
				CLANG_WARN__DUPLICATE_METHOD_MATCH = YES;
				"CODE_SIGN_IDENTITY[sdk=iphoneos*]" = "iPhone Developer";
				COPY_PHASE_STRIP = YES;
				ENABLE_NS_ASSERTIONS = NO;
				GCC_C_LANGUAGE_STANDARD = gnu99;
				GCC_WARN_64_TO_32_BIT_CONVERSION = YES;
				GCC_WARN_ABOUT_RETURN_TYPE = YES_ERROR;
				GCC_WARN_UNDECLARED_SELECTOR = YES;
				GCC_WARN_UNINITIALIZED_AUTOS = YES_AGGRESSIVE;
				GCC_WARN_UNUSED_FUNCTION = YES;
				GCC_WARN_UNUSED_VARIABLE = YES;
				IPHONEOS_DEPLOYMENT_TARGET = 7.1;
				SDKROOT = iphoneos;
				TARGETED_DEVICE_FAMILY = 2;
				VALIDATE_PRODUCT = YES;
			};
			name = Release;
		};
		D22BE1BD1972747000A438D2 /* Debug */ = {
			isa = XCBuildConfiguration;
			baseConfigurationReference = 07430FF3329A4EBFB4AB3C68 /* Pods.xcconfig */;
			buildSettings = {
				ASSETCATALOG_COMPILER_APPICON_NAME = AppIcon;
				ASSETCATALOG_COMPILER_LAUNCHIMAGE_NAME = LaunchImage;
				CODE_SIGN_IDENTITY = "iPhone Developer";
				"CODE_SIGN_IDENTITY[sdk=iphoneos*]" = "iPhone Developer";
				GCC_PRECOMPILE_PREFIX_HEADER = YES;
				GCC_PREFIX_HEADER = "DianXiaoEr-Menu-iOS/DianXiaoEr-Menu-iOS-Prefix.pch";
				INFOPLIST_FILE = "DianXiaoEr-Menu-iOS/DianXiaoEr-Menu-iOS-Info.plist";
				PRODUCT_NAME = "$(TARGET_NAME)";
				PROVISIONING_PROFILE = "";
				WRAPPER_EXTENSION = app;
			};
			name = Debug;
		};
		D22BE1BE1972747000A438D2 /* Release */ = {
			isa = XCBuildConfiguration;
			baseConfigurationReference = 07430FF3329A4EBFB4AB3C68 /* Pods.xcconfig */;
			buildSettings = {
				ASSETCATALOG_COMPILER_APPICON_NAME = AppIcon;
				ASSETCATALOG_COMPILER_LAUNCHIMAGE_NAME = LaunchImage;
				CODE_SIGN_IDENTITY = "iPhone Developer";
				"CODE_SIGN_IDENTITY[sdk=iphoneos*]" = "iPhone Developer";
				GCC_PRECOMPILE_PREFIX_HEADER = YES;
				GCC_PREFIX_HEADER = "DianXiaoEr-Menu-iOS/DianXiaoEr-Menu-iOS-Prefix.pch";
				INFOPLIST_FILE = "DianXiaoEr-Menu-iOS/DianXiaoEr-Menu-iOS-Info.plist";
				PRODUCT_NAME = "$(TARGET_NAME)";
				PROVISIONING_PROFILE = "";
				WRAPPER_EXTENSION = app;
			};
			name = Release;
		};
		D22BE1C01972747000A438D2 /* Debug */ = {
			isa = XCBuildConfiguration;
			buildSettings = {
				BUNDLE_LOADER = "$(BUILT_PRODUCTS_DIR)/DianXiaoEr-Menu-iOS.app/DianXiaoEr-Menu-iOS";
				FRAMEWORK_SEARCH_PATHS = (
					"$(SDKROOT)/Developer/Library/Frameworks",
					"$(inherited)",
					"$(DEVELOPER_FRAMEWORKS_DIR)",
				);
				GCC_PRECOMPILE_PREFIX_HEADER = YES;
				GCC_PREFIX_HEADER = "DianXiaoEr-Menu-iOS/DianXiaoEr-Menu-iOS-Prefix.pch";
				GCC_PREPROCESSOR_DEFINITIONS = (
					"DEBUG=1",
					"$(inherited)",
				);
				INFOPLIST_FILE = "DianXiaoEr-Menu-iOSTests/DianXiaoEr-Menu-iOSTests-Info.plist";
				PRODUCT_NAME = "$(TARGET_NAME)";
				TEST_HOST = "$(BUNDLE_LOADER)";
				WRAPPER_EXTENSION = xctest;
			};
			name = Debug;
		};
		D22BE1C11972747000A438D2 /* Release */ = {
			isa = XCBuildConfiguration;
			buildSettings = {
				BUNDLE_LOADER = "$(BUILT_PRODUCTS_DIR)/DianXiaoEr-Menu-iOS.app/DianXiaoEr-Menu-iOS";
				FRAMEWORK_SEARCH_PATHS = (
					"$(SDKROOT)/Developer/Library/Frameworks",
					"$(inherited)",
					"$(DEVELOPER_FRAMEWORKS_DIR)",
				);
				GCC_PRECOMPILE_PREFIX_HEADER = YES;
				GCC_PREFIX_HEADER = "DianXiaoEr-Menu-iOS/DianXiaoEr-Menu-iOS-Prefix.pch";
				INFOPLIST_FILE = "DianXiaoEr-Menu-iOSTests/DianXiaoEr-Menu-iOSTests-Info.plist";
				PRODUCT_NAME = "$(TARGET_NAME)";
				TEST_HOST = "$(BUNDLE_LOADER)";
				WRAPPER_EXTENSION = xctest;
			};
			name = Release;
		};
/* End XCBuildConfiguration section */

/* Begin XCConfigurationList section */
		D22BE18B1972747000A438D2 /* Build configuration list for PBXProject "DianXiaoEr-Menu-iOS" */ = {
			isa = XCConfigurationList;
			buildConfigurations = (
				D22BE1BA1972747000A438D2 /* Debug */,
				D22BE1BB1972747000A438D2 /* Release */,
			);
			defaultConfigurationIsVisible = 0;
			defaultConfigurationName = Release;
		};
		D22BE1BC1972747000A438D2 /* Build configuration list for PBXNativeTarget "DianXiaoEr-Menu-iOS" */ = {
			isa = XCConfigurationList;
			buildConfigurations = (
				D22BE1BD1972747000A438D2 /* Debug */,
				D22BE1BE1972747000A438D2 /* Release */,
			);
			defaultConfigurationIsVisible = 0;
			defaultConfigurationName = Release;
		};
		D22BE1BF1972747000A438D2 /* Build configuration list for PBXNativeTarget "DianXiaoEr-Menu-iOSTests" */ = {
			isa = XCConfigurationList;
			buildConfigurations = (
				D22BE1C01972747000A438D2 /* Debug */,
				D22BE1C11972747000A438D2 /* Release */,
			);
			defaultConfigurationIsVisible = 0;
			defaultConfigurationName = Release;
		};
/* End XCConfigurationList section */
	};
	rootObject = D22BE1881972747000A438D2 /* Project object */;
}
